
Microsoft Visual Studio Solution File, Format Version 12.00
# Visual Studio Version 17
VisualStudioVersion = 17.0.31903.59
MinimumVisualStudioVersion = 10.0.40219.1
Project("{FAE04EC0-301F-11D3-BF4B-00C04F79EFBC}") = "Tedu.KnowledgeSpace.BackendServer", "Tedu.KnowledgeSpace.BackendServer\Tedu.KnowledgeSpace.BackendServer.csproj", "{DE68E1A1-F275-49C3-851E-424D357A5E48}"
EndProject
Project("{FAE04EC0-301F-11D3-BF4B-00C04F79EFBC}") = "Tedu.KnowledgeSpace.ViewModels", "Tedu.KnowledgeSpace.ViewModels\Tedu.KnowledgeSpace.ViewModels.csproj", "{92A9F2F7-3361-4C89-BEBE-5382B2E98A65}"
EndProject
Project("{FAE04EC0-301F-11D3-BF4B-00C04F79EFBC}") = "Tedu.KnowledgeSpace.WebPortal", "Tedu.KnowledgeSpace.WebPortal\Tedu.KnowledgeSpace.WebPortal.csproj", "{870FD86E-34F2-4F49-A4D5-F924533F3F78}"
EndProject
Project("{FAE04EC0-301F-11D3-BF4B-00C04F79EFBC}") = "Tedu.KnowledgeSpace.ViewModels.UnitTest", "Tedu.KnowledgeSpace.ViewModels.UnitTest\Tedu.KnowledgeSpace.ViewModels.UnitTest.csproj", "{CD006740-55B0-4D2F-85F3-918C87B0887E}"
EndProject
Project("{FAE04EC0-301F-11D3-BF4B-00C04F79EFBC}") = "Tedu.KnowledgeSpace.BackendServer.UnitTest", "Tedu.KnowledgeSpace.BackendServer.UnitTest\Tedu.KnowledgeSpace.BackendServer.UnitTest.csproj", "{93322634-C1EA-4BBE-8EEF-583669617CA4}"
EndProject
Global
	GlobalSection(SolutionConfigurationPlatforms) = preSolution
		Debug|Any CPU = Debug|Any CPU
		Debug|x64 = Debug|x64
		Debug|x86 = Debug|x86
		Release|Any CPU = Release|Any CPU
		Release|x64 = Release|x64
		Release|x86 = Release|x86
	EndGlobalSection
	GlobalSection(ProjectConfigurationPlatforms) = postSolution
		{DE68E1A1-F275-49C3-851E-424D357A5E48}.Debug|Any CPU.ActiveCfg = Debug|Any CPU
		{DE68E1A1-F275-49C3-851E-424D357A5E48}.Debug|Any CPU.Build.0 = Debug|Any CPU
		{DE68E1A1-F275-49C3-851E-424D357A5E48}.Debug|x64.ActiveCfg = Debug|Any CPU
		{DE68E1A1-F275-49C3-851E-424D357A5E48}.Debug|x64.Build.0 = Debug|Any CPU
		{DE68E1A1-F275-49C3-851E-424D357A5E48}.Debug|x86.ActiveCfg = Debug|Any CPU
		{DE68E1A1-F275-49C3-851E-424D357A5E48}.Debug|x86.Build.0 = Debug|Any CPU
		{DE68E1A1-F275-49C3-851E-424D357A5E48}.Release|Any CPU.ActiveCfg = Release|Any CPU
		{DE68E1A1-F275-49C3-851E-424D357A5E48}.Release|Any CPU.Build.0 = Release|Any CPU
		{DE68E1A1-F275-49C3-851E-424D357A5E48}.Release|x64.ActiveCfg = Release|Any CPU
		{DE68E1A1-F275-49C3-851E-424D357A5E48}.Release|x64.Build.0 = Release|Any CPU
		{DE68E1A1-F275-49C3-851E-424D357A5E48}.Release|x86.ActiveCfg = Release|Any CPU
		{DE68E1A1-F275-49C3-851E-424D357A5E48}.Release|x86.Build.0 = Release|Any CPU
		{92A9F2F7-3361-4C89-BEBE-5382B2E98A65}.Debug|Any CPU.ActiveCfg = Debug|Any CPU
		{92A9F2F7-3361-4C89-BEBE-5382B2E98A65}.Debug|Any CPU.Build.0 = Debug|Any CPU
		{92A9F2F7-3361-4C89-BEBE-5382B2E98A65}.Debug|x64.ActiveCfg = Debug|Any CPU
		{92A9F2F7-3361-4C89-BEBE-5382B2E98A65}.Debug|x64.Build.0 = Debug|Any CPU
		{92A9F2F7-3361-4C89-BEBE-5382B2E98A65}.Debug|x86.ActiveCfg = Debug|Any CPU
		{92A9F2F7-3361-4C89-BEBE-5382B2E98A65}.Debug|x86.Build.0 = Debug|Any CPU
		{92A9F2F7-3361-4C89-BEBE-5382B2E98A65}.Release|Any CPU.ActiveCfg = Release|Any CPU
		{92A9F2F7-3361-4C89-BEBE-5382B2E98A65}.Release|Any CPU.Build.0 = Release|Any CPU
		{92A9F2F7-3361-4C89-BEBE-5382B2E98A65}.Release|x64.ActiveCfg = Release|Any CPU
		{92A9F2F7-3361-4C89-BEBE-5382B2E98A65}.Release|x64.Build.0 = Release|Any CPU
		{92A9F2F7-3361-4C89-BEBE-5382B2E98A65}.Release|x86.ActiveCfg = Release|Any CPU
		{92A9F2F7-3361-4C89-BEBE-5382B2E98A65}.Release|x86.Build.0 = Release|Any CPU
		{870FD86E-34F2-4F49-A4D5-F924533F3F78}.Debug|Any CPU.ActiveCfg = Debug|Any CPU
		{870FD86E-34F2-4F49-A4D5-F924533F3F78}.Debug|Any CPU.Build.0 = Debug|Any CPU
		{870FD86E-34F2-4F49-A4D5-F924533F3F78}.Debug|x64.ActiveCfg = Debug|Any CPU
		{870FD86E-34F2-4F49-A4D5-F924533F3F78}.Debug|x64.Build.0 = Debug|Any CPU
		{870FD86E-34F2-4F49-A4D5-F924533F3F78}.Debug|x86.ActiveCfg = Debug|Any CPU
		{870FD86E-34F2-4F49-A4D5-F924533F3F78}.Debug|x86.Build.0 = Debug|Any CPU
		{870FD86E-34F2-4F49-A4D5-F924533F3F78}.Release|Any CPU.ActiveCfg = Release|Any CPU
		{870FD86E-34F2-4F49-A4D5-F924533F3F78}.Release|Any CPU.Build.0 = Release|Any CPU
		{870FD86E-34F2-4F49-A4D5-F924533F3F78}.Release|x64.ActiveCfg = Release|Any CPU
		{870FD86E-34F2-4F49-A4D5-F924533F3F78}.Release|x64.Build.0 = Release|Any CPU
		{870FD86E-34F2-4F49-A4D5-F924533F3F78}.Release|x86.ActiveCfg = Release|Any CPU
		{870FD86E-34F2-4F49-A4D5-F924533F3F78}.Release|x86.Build.0 = Release|Any CPU
		{CD006740-55B0-4D2F-85F3-918C87B0887E}.Debug|Any CPU.ActiveCfg = Debug|Any CPU
		{CD006740-55B0-4D2F-85F3-918C87B0887E}.Debug|Any CPU.Build.0 = Debug|Any CPU
		{CD006740-55B0-4D2F-85F3-918C87B0887E}.Debug|x64.ActiveCfg = Debug|Any CPU
		{CD006740-55B0-4D2F-85F3-918C87B0887E}.Debug|x64.Build.0 = Debug|Any CPU
		{CD006740-55B0-4D2F-85F3-918C87B0887E}.Debug|x86.ActiveCfg = Debug|Any CPU
		{CD006740-55B0-4D2F-85F3-918C87B0887E}.Debug|x86.Build.0 = Debug|Any CPU
		{CD006740-55B0-4D2F-85F3-918C87B0887E}.Release|Any CPU.ActiveCfg = Release|Any CPU
		{CD006740-55B0-4D2F-85F3-918C87B0887E}.Release|Any CPU.Build.0 = Release|Any CPU
		{CD006740-55B0-4D2F-85F3-918C87B0887E}.Release|x64.ActiveCfg = Release|Any CPU
		{CD006740-55B0-4D2F-85F3-918C87B0887E}.Release|x64.Build.0 = Release|Any CPU
		{CD006740-55B0-4D2F-85F3-918C87B0887E}.Release|x86.ActiveCfg = Release|Any CPU
		{CD006740-55B0-4D2F-85F3-918C87B0887E}.Release|x86.Build.0 = Release|Any CPU
		{93322634-C1EA-4BBE-8EEF-583669617CA4}.Debug|Any CPU.ActiveCfg = Debug|Any CPU
		{93322634-C1EA-4BBE-8EEF-583669617CA4}.Debug|Any CPU.Build.0 = Debug|Any CPU
		{93322634-C1EA-4BBE-8EEF-583669617CA4}.Debug|x64.ActiveCfg = Debug|Any CPU
		{93322634-C1EA-4BBE-8EEF-583669617CA4}.Debug|x64.Build.0 = Debug|Any CPU
		{93322634-C1EA-4BBE-8EEF-583669617CA4}.Debug|x86.ActiveCfg = Debug|Any CPU
		{93322634-C1EA-4BBE-8EEF-583669617CA4}.Debug|x86.Build.0 = Debug|Any CPU
		{93322634-C1EA-4BBE-8EEF-583669617CA4}.Release|Any CPU.ActiveCfg = Release|Any CPU
		{93322634-C1EA-4BBE-8EEF-583669617CA4}.Release|Any CPU.Build.0 = Release|Any CPU
		{93322634-C1EA-4BBE-8EEF-583669617CA4}.Release|x64.ActiveCfg = Release|Any CPU
		{93322634-C1EA-4BBE-8EEF-583669617CA4}.Release|x64.Build.0 = Release|Any CPU
		{93322634-C1EA-4BBE-8EEF-583669617CA4}.Release|x86.ActiveCfg = Release|Any CPU
		{93322634-C1EA-4BBE-8EEF-583669617CA4}.Release|x86.Build.0 = Release|Any CPU
	EndGlobalSection
	GlobalSection(SolutionProperties) = preSolution
		HideSolutionNode = FALSE
	EndGlobalSection
EndGlobal
