
Microsoft Visual Studio Solution File, Format Version 12.00
# Visual Studio Version 17
VisualStudioVersion = 17.0.31903.59
MinimumVisualStudioVersion = 10.0.40219.1
Project("{2150E333-8FDC-42A3-9474-1A3956D46DE8}") = "src", "src", "{827E0CD3-B72D-47B6-A68D-7590B98EB39B}"
EndProject
Project("{2150E333-8FDC-42A3-9474-1A3956D46DE8}") = "tests", "tests", "{0AB3BF05-4346-4AA6-1389-037BE0695223}"
EndProject
Project("{FAE04EC0-301F-11D3-BF4B-00C04F79EFBC}") = "DDD.Application.UnitTests", "tests\DDD.Application.UnitTests\DDD.Application.UnitTests.csproj", "{8D93A6D0-B63D-4DA7-BE8E-CD8B15C14D85}"
EndProject
Project("{FAE04EC0-301F-11D3-BF4B-00C04F79EFBC}") = "DDD.Services.Api.IntegrationTests", "tests\DDD.Services.Api.IntegrationTests\DDD.Services.Api.IntegrationTests.csproj", "{79368EF8-484E-4B1B-BA34-2A002CA2DAC8}"
EndProject
Project("{FAE04EC0-301F-11D3-BF4B-00C04F79EFBC}") = "DDD.Application", "src\DDD.Application\DDD.Application.csproj", "{C7B9D046-5570-4968-8895-38D0AC61165E}"
EndProject
Project("{FAE04EC0-301F-11D3-BF4B-00C04F79EFBC}") = "DDD.Cli.Migration", "src\DDD.Cli.Migration\DDD.Cli.Migration.csproj", "{38BE0FF6-4B77-4E01-A76A-D867B97FF28D}"
EndProject
Project("{FAE04EC0-301F-11D3-BF4B-00C04F79EFBC}") = "DDD.Domain.Core", "src\DDD.Domain.Core\DDD.Domain.Core.csproj", "{791A2229-7E7D-4F56-9A77-F8549063E7C6}"
EndProject
Project("{FAE04EC0-301F-11D3-BF4B-00C04F79EFBC}") = "DDD.Domain", "src\DDD.Domain\DDD.Domain.csproj", "{88A84EAC-7C10-4ECF-85DF-D306309829A7}"
EndProject
Project("{FAE04EC0-301F-11D3-BF4B-00C04F79EFBC}") = "DDD.Infra.CrossCutting.Bus", "src\DDD.Infra.CrossCutting.Bus\DDD.Infra.CrossCutting.Bus.csproj", "{DEAB8259-7078-4B89-80B1-62951BC5D7D1}"
EndProject
Project("{FAE04EC0-301F-11D3-BF4B-00C04F79EFBC}") = "DDD.Infra.CrossCutting.Identity", "src\DDD.Infra.CrossCutting.Identity\DDD.Infra.CrossCutting.Identity.csproj", "{F4BCAACB-EFA1-4B47-9F68-A9573E3BB614}"
EndProject
Project("{FAE04EC0-301F-11D3-BF4B-00C04F79EFBC}") = "DDD.Infra.CrossCutting.IoC", "src\DDD.Infra.CrossCutting.IoC\DDD.Infra.CrossCutting.IoC.csproj", "{7C6B2F81-2B5F-4192-BFBF-1EBC9AEF90AC}"
EndProject
Project("{FAE04EC0-301F-11D3-BF4B-00C04F79EFBC}") = "DDD.Infra.Data", "src\DDD.Infra.Data\DDD.Infra.Data.csproj", "{C2B7DDD5-A57F-4F4E-A50E-F36A3163EE8E}"
EndProject
Project("{FAE04EC0-301F-11D3-BF4B-00C04F79EFBC}") = "DDD.Services.Api", "src\DDD.Services.Api\DDD.Services.Api.csproj", "{2DFF05D2-D88F-4749-ADDA-8EC9E1D8F8A4}"
EndProject
Global
	GlobalSection(SolutionConfigurationPlatforms) = preSolution
		Debug|Any CPU = Debug|Any CPU
		Debug|x64 = Debug|x64
		Debug|x86 = Debug|x86
		Release|Any CPU = Release|Any CPU
		Release|x64 = Release|x64
		Release|x86 = Release|x86
	EndGlobalSection
	GlobalSection(ProjectConfigurationPlatforms) = postSolution
		{8D93A6D0-B63D-4DA7-BE8E-CD8B15C14D85}.Debug|Any CPU.ActiveCfg = Debug|Any CPU
		{8D93A6D0-B63D-4DA7-BE8E-CD8B15C14D85}.Debug|Any CPU.Build.0 = Debug|Any CPU
		{8D93A6D0-B63D-4DA7-BE8E-CD8B15C14D85}.Debug|x64.ActiveCfg = Debug|Any CPU
		{8D93A6D0-B63D-4DA7-BE8E-CD8B15C14D85}.Debug|x64.Build.0 = Debug|Any CPU
		{8D93A6D0-B63D-4DA7-BE8E-CD8B15C14D85}.Debug|x86.ActiveCfg = Debug|Any CPU
		{8D93A6D0-B63D-4DA7-BE8E-CD8B15C14D85}.Debug|x86.Build.0 = Debug|Any CPU
		{8D93A6D0-B63D-4DA7-BE8E-CD8B15C14D85}.Release|Any CPU.ActiveCfg = Release|Any CPU
		{8D93A6D0-B63D-4DA7-BE8E-CD8B15C14D85}.Release|Any CPU.Build.0 = Release|Any CPU
		{8D93A6D0-B63D-4DA7-BE8E-CD8B15C14D85}.Release|x64.ActiveCfg = Release|Any CPU
		{8D93A6D0-B63D-4DA7-BE8E-CD8B15C14D85}.Release|x64.Build.0 = Release|Any CPU
		{8D93A6D0-B63D-4DA7-BE8E-CD8B15C14D85}.Release|x86.ActiveCfg = Release|Any CPU
		{8D93A6D0-B63D-4DA7-BE8E-CD8B15C14D85}.Release|x86.Build.0 = Release|Any CPU
		{79368EF8-484E-4B1B-BA34-2A002CA2DAC8}.Debug|Any CPU.ActiveCfg = Debug|Any CPU
		{79368EF8-484E-4B1B-BA34-2A002CA2DAC8}.Debug|Any CPU.Build.0 = Debug|Any CPU
		{79368EF8-484E-4B1B-BA34-2A002CA2DAC8}.Debug|x64.ActiveCfg = Debug|Any CPU
		{79368EF8-484E-4B1B-BA34-2A002CA2DAC8}.Debug|x64.Build.0 = Debug|Any CPU
		{79368EF8-484E-4B1B-BA34-2A002CA2DAC8}.Debug|x86.ActiveCfg = Debug|Any CPU
		{79368EF8-484E-4B1B-BA34-2A002CA2DAC8}.Debug|x86.Build.0 = Debug|Any CPU
		{79368EF8-484E-4B1B-BA34-2A002CA2DAC8}.Release|Any CPU.ActiveCfg = Release|Any CPU
		{79368EF8-484E-4B1B-BA34-2A002CA2DAC8}.Release|Any CPU.Build.0 = Release|Any CPU
		{79368EF8-484E-4B1B-BA34-2A002CA2DAC8}.Release|x64.ActiveCfg = Release|Any CPU
		{79368EF8-484E-4B1B-BA34-2A002CA2DAC8}.Release|x64.Build.0 = Release|Any CPU
		{79368EF8-484E-4B1B-BA34-2A002CA2DAC8}.Release|x86.ActiveCfg = Release|Any CPU
		{79368EF8-484E-4B1B-BA34-2A002CA2DAC8}.Release|x86.Build.0 = Release|Any CPU
		{C7B9D046-5570-4968-8895-38D0AC61165E}.Debug|Any CPU.ActiveCfg = Debug|Any CPU
		{C7B9D046-5570-4968-8895-38D0AC61165E}.Debug|Any CPU.Build.0 = Debug|Any CPU
		{C7B9D046-5570-4968-8895-38D0AC61165E}.Debug|x64.ActiveCfg = Debug|Any CPU
		{C7B9D046-5570-4968-8895-38D0AC61165E}.Debug|x64.Build.0 = Debug|Any CPU
		{C7B9D046-5570-4968-8895-38D0AC61165E}.Debug|x86.ActiveCfg = Debug|Any CPU
		{C7B9D046-5570-4968-8895-38D0AC61165E}.Debug|x86.Build.0 = Debug|Any CPU
		{C7B9D046-5570-4968-8895-38D0AC61165E}.Release|Any CPU.ActiveCfg = Release|Any CPU
		{C7B9D046-5570-4968-8895-38D0AC61165E}.Release|Any CPU.Build.0 = Release|Any CPU
		{C7B9D046-5570-4968-8895-38D0AC61165E}.Release|x64.ActiveCfg = Release|Any CPU
		{C7B9D046-5570-4968-8895-38D0AC61165E}.Release|x64.Build.0 = Release|Any CPU
		{C7B9D046-5570-4968-8895-38D0AC61165E}.Release|x86.ActiveCfg = Release|Any CPU
		{C7B9D046-5570-4968-8895-38D0AC61165E}.Release|x86.Build.0 = Release|Any CPU
		{38BE0FF6-4B77-4E01-A76A-D867B97FF28D}.Debug|Any CPU.ActiveCfg = Debug|Any CPU
		{38BE0FF6-4B77-4E01-A76A-D867B97FF28D}.Debug|Any CPU.Build.0 = Debug|Any CPU
		{38BE0FF6-4B77-4E01-A76A-D867B97FF28D}.Debug|x64.ActiveCfg = Debug|Any CPU
		{38BE0FF6-4B77-4E01-A76A-D867B97FF28D}.Debug|x64.Build.0 = Debug|Any CPU
		{38BE0FF6-4B77-4E01-A76A-D867B97FF28D}.Debug|x86.ActiveCfg = Debug|Any CPU
		{38BE0FF6-4B77-4E01-A76A-D867B97FF28D}.Debug|x86.Build.0 = Debug|Any CPU
		{38BE0FF6-4B77-4E01-A76A-D867B97FF28D}.Release|Any CPU.ActiveCfg = Release|Any CPU
		{38BE0FF6-4B77-4E01-A76A-D867B97FF28D}.Release|Any CPU.Build.0 = Release|Any CPU
		{38BE0FF6-4B77-4E01-A76A-D867B97FF28D}.Release|x64.ActiveCfg = Release|Any CPU
		{38BE0FF6-4B77-4E01-A76A-D867B97FF28D}.Release|x64.Build.0 = Release|Any CPU
		{38BE0FF6-4B77-4E01-A76A-D867B97FF28D}.Release|x86.ActiveCfg = Release|Any CPU
		{38BE0FF6-4B77-4E01-A76A-D867B97FF28D}.Release|x86.Build.0 = Release|Any CPU
		{791A2229-7E7D-4F56-9A77-F8549063E7C6}.Debug|Any CPU.ActiveCfg = Debug|Any CPU
		{791A2229-7E7D-4F56-9A77-F8549063E7C6}.Debug|Any CPU.Build.0 = Debug|Any CPU
		{791A2229-7E7D-4F56-9A77-F8549063E7C6}.Debug|x64.ActiveCfg = Debug|Any CPU
		{791A2229-7E7D-4F56-9A77-F8549063E7C6}.Debug|x64.Build.0 = Debug|Any CPU
		{791A2229-7E7D-4F56-9A77-F8549063E7C6}.Debug|x86.ActiveCfg = Debug|Any CPU
		{791A2229-7E7D-4F56-9A77-F8549063E7C6}.Debug|x86.Build.0 = Debug|Any CPU
		{791A2229-7E7D-4F56-9A77-F8549063E7C6}.Release|Any CPU.ActiveCfg = Release|Any CPU
		{791A2229-7E7D-4F56-9A77-F8549063E7C6}.Release|Any CPU.Build.0 = Release|Any CPU
		{791A2229-7E7D-4F56-9A77-F8549063E7C6}.Release|x64.ActiveCfg = Release|Any CPU
		{791A2229-7E7D-4F56-9A77-F8549063E7C6}.Release|x64.Build.0 = Release|Any CPU
		{791A2229-7E7D-4F56-9A77-F8549063E7C6}.Release|x86.ActiveCfg = Release|Any CPU
		{791A2229-7E7D-4F56-9A77-F8549063E7C6}.Release|x86.Build.0 = Release|Any CPU
		{88A84EAC-7C10-4ECF-85DF-D306309829A7}.Debug|Any CPU.ActiveCfg = Debug|Any CPU
		{88A84EAC-7C10-4ECF-85DF-D306309829A7}.Debug|Any CPU.Build.0 = Debug|Any CPU
		{88A84EAC-7C10-4ECF-85DF-D306309829A7}.Debug|x64.ActiveCfg = Debug|Any CPU
		{88A84EAC-7C10-4ECF-85DF-D306309829A7}.Debug|x64.Build.0 = Debug|Any CPU
		{88A84EAC-7C10-4ECF-85DF-D306309829A7}.Debug|x86.ActiveCfg = Debug|Any CPU
		{88A84EAC-7C10-4ECF-85DF-D306309829A7}.Debug|x86.Build.0 = Debug|Any CPU
		{88A84EAC-7C10-4ECF-85DF-D306309829A7}.Release|Any CPU.ActiveCfg = Release|Any CPU
		{88A84EAC-7C10-4ECF-85DF-D306309829A7}.Release|Any CPU.Build.0 = Release|Any CPU
		{88A84EAC-7C10-4ECF-85DF-D306309829A7}.Release|x64.ActiveCfg = Release|Any CPU
		{88A84EAC-7C10-4ECF-85DF-D306309829A7}.Release|x64.Build.0 = Release|Any CPU
		{88A84EAC-7C10-4ECF-85DF-D306309829A7}.Release|x86.ActiveCfg = Release|Any CPU
		{88A84EAC-7C10-4ECF-85DF-D306309829A7}.Release|x86.Build.0 = Release|Any CPU
		{DEAB8259-7078-4B89-80B1-62951BC5D7D1}.Debug|Any CPU.ActiveCfg = Debug|Any CPU
		{DEAB8259-7078-4B89-80B1-62951BC5D7D1}.Debug|Any CPU.Build.0 = Debug|Any CPU
		{DEAB8259-7078-4B89-80B1-62951BC5D7D1}.Debug|x64.ActiveCfg = Debug|Any CPU
		{DEAB8259-7078-4B89-80B1-62951BC5D7D1}.Debug|x64.Build.0 = Debug|Any CPU
		{DEAB8259-7078-4B89-80B1-62951BC5D7D1}.Debug|x86.ActiveCfg = Debug|Any CPU
		{DEAB8259-7078-4B89-80B1-62951BC5D7D1}.Debug|x86.Build.0 = Debug|Any CPU
		{DEAB8259-7078-4B89-80B1-62951BC5D7D1}.Release|Any CPU.ActiveCfg = Release|Any CPU
		{DEAB8259-7078-4B89-80B1-62951BC5D7D1}.Release|Any CPU.Build.0 = Release|Any CPU
		{DEAB8259-7078-4B89-80B1-62951BC5D7D1}.Release|x64.ActiveCfg = Release|Any CPU
		{DEAB8259-7078-4B89-80B1-62951BC5D7D1}.Release|x64.Build.0 = Release|Any CPU
		{DEAB8259-7078-4B89-80B1-62951BC5D7D1}.Release|x86.ActiveCfg = Release|Any CPU
		{DEAB8259-7078-4B89-80B1-62951BC5D7D1}.Release|x86.Build.0 = Release|Any CPU
		{F4BCAACB-EFA1-4B47-9F68-A9573E3BB614}.Debug|Any CPU.ActiveCfg = Debug|Any CPU
		{F4BCAACB-EFA1-4B47-9F68-A9573E3BB614}.Debug|Any CPU.Build.0 = Debug|Any CPU
		{F4BCAACB-EFA1-4B47-9F68-A9573E3BB614}.Debug|x64.ActiveCfg = Debug|Any CPU
		{F4BCAACB-EFA1-4B47-9F68-A9573E3BB614}.Debug|x64.Build.0 = Debug|Any CPU
		{F4BCAACB-EFA1-4B47-9F68-A9573E3BB614}.Debug|x86.ActiveCfg = Debug|Any CPU
		{F4BCAACB-EFA1-4B47-9F68-A9573E3BB614}.Debug|x86.Build.0 = Debug|Any CPU
		{F4BCAACB-EFA1-4B47-9F68-A9573E3BB614}.Release|Any CPU.ActiveCfg = Release|Any CPU
		{F4BCAACB-EFA1-4B47-9F68-A9573E3BB614}.Release|Any CPU.Build.0 = Release|Any CPU
		{F4BCAACB-EFA1-4B47-9F68-A9573E3BB614}.Release|x64.ActiveCfg = Release|Any CPU
		{F4BCAACB-EFA1-4B47-9F68-A9573E3BB614}.Release|x64.Build.0 = Release|Any CPU
		{F4BCAACB-EFA1-4B47-9F68-A9573E3BB614}.Release|x86.ActiveCfg = Release|Any CPU
		{F4BCAACB-EFA1-4B47-9F68-A9573E3BB614}.Release|x86.Build.0 = Release|Any CPU
		{7C6B2F81-2B5F-4192-BFBF-1EBC9AEF90AC}.Debug|Any CPU.ActiveCfg = Debug|Any CPU
		{7C6B2F81-2B5F-4192-BFBF-1EBC9AEF90AC}.Debug|Any CPU.Build.0 = Debug|Any CPU
		{7C6B2F81-2B5F-4192-BFBF-1EBC9AEF90AC}.Debug|x64.ActiveCfg = Debug|Any CPU
		{7C6B2F81-2B5F-4192-BFBF-1EBC9AEF90AC}.Debug|x64.Build.0 = Debug|Any CPU
		{7C6B2F81-2B5F-4192-BFBF-1EBC9AEF90AC}.Debug|x86.ActiveCfg = Debug|Any CPU
		{7C6B2F81-2B5F-4192-BFBF-1EBC9AEF90AC}.Debug|x86.Build.0 = Debug|Any CPU
		{7C6B2F81-2B5F-4192-BFBF-1EBC9AEF90AC}.Release|Any CPU.ActiveCfg = Release|Any CPU
		{7C6B2F81-2B5F-4192-BFBF-1EBC9AEF90AC}.Release|Any CPU.Build.0 = Release|Any CPU
		{7C6B2F81-2B5F-4192-BFBF-1EBC9AEF90AC}.Release|x64.ActiveCfg = Release|Any CPU
		{7C6B2F81-2B5F-4192-BFBF-1EBC9AEF90AC}.Release|x64.Build.0 = Release|Any CPU
		{7C6B2F81-2B5F-4192-BFBF-1EBC9AEF90AC}.Release|x86.ActiveCfg = Release|Any CPU
		{7C6B2F81-2B5F-4192-BFBF-1EBC9AEF90AC}.Release|x86.Build.0 = Release|Any CPU
		{C2B7DDD5-A57F-4F4E-A50E-F36A3163EE8E}.Debug|Any CPU.ActiveCfg = Debug|Any CPU
		{C2B7DDD5-A57F-4F4E-A50E-F36A3163EE8E}.Debug|Any CPU.Build.0 = Debug|Any CPU
		{C2B7DDD5-A57F-4F4E-A50E-F36A3163EE8E}.Debug|x64.ActiveCfg = Debug|Any CPU
		{C2B7DDD5-A57F-4F4E-A50E-F36A3163EE8E}.Debug|x64.Build.0 = Debug|Any CPU
		{C2B7DDD5-A57F-4F4E-A50E-F36A3163EE8E}.Debug|x86.ActiveCfg = Debug|Any CPU
		{C2B7DDD5-A57F-4F4E-A50E-F36A3163EE8E}.Debug|x86.Build.0 = Debug|Any CPU
		{C2B7DDD5-A57F-4F4E-A50E-F36A3163EE8E}.Release|Any CPU.ActiveCfg = Release|Any CPU
		{C2B7DDD5-A57F-4F4E-A50E-F36A3163EE8E}.Release|Any CPU.Build.0 = Release|Any CPU
		{C2B7DDD5-A57F-4F4E-A50E-F36A3163EE8E}.Release|x64.ActiveCfg = Release|Any CPU
		{C2B7DDD5-A57F-4F4E-A50E-F36A3163EE8E}.Release|x64.Build.0 = Release|Any CPU
		{C2B7DDD5-A57F-4F4E-A50E-F36A3163EE8E}.Release|x86.ActiveCfg = Release|Any CPU
		{C2B7DDD5-A57F-4F4E-A50E-F36A3163EE8E}.Release|x86.Build.0 = Release|Any CPU
		{2DFF05D2-D88F-4749-ADDA-8EC9E1D8F8A4}.Debug|Any CPU.ActiveCfg = Debug|Any CPU
		{2DFF05D2-D88F-4749-ADDA-8EC9E1D8F8A4}.Debug|Any CPU.Build.0 = Debug|Any CPU
		{2DFF05D2-D88F-4749-ADDA-8EC9E1D8F8A4}.Debug|x64.ActiveCfg = Debug|Any CPU
		{2DFF05D2-D88F-4749-ADDA-8EC9E1D8F8A4}.Debug|x64.Build.0 = Debug|Any CPU
		{2DFF05D2-D88F-4749-ADDA-8EC9E1D8F8A4}.Debug|x86.ActiveCfg = Debug|Any CPU
		{2DFF05D2-D88F-4749-ADDA-8EC9E1D8F8A4}.Debug|x86.Build.0 = Debug|Any CPU
		{2DFF05D2-D88F-4749-ADDA-8EC9E1D8F8A4}.Release|Any CPU.ActiveCfg = Release|Any CPU
		{2DFF05D2-D88F-4749-ADDA-8EC9E1D8F8A4}.Release|Any CPU.Build.0 = Release|Any CPU
		{2DFF05D2-D88F-4749-ADDA-8EC9E1D8F8A4}.Release|x64.ActiveCfg = Release|Any CPU
		{2DFF05D2-D88F-4749-ADDA-8EC9E1D8F8A4}.Release|x64.Build.0 = Release|Any CPU
		{2DFF05D2-D88F-4749-ADDA-8EC9E1D8F8A4}.Release|x86.ActiveCfg = Release|Any CPU
		{2DFF05D2-D88F-4749-ADDA-8EC9E1D8F8A4}.Release|x86.Build.0 = Release|Any CPU
	EndGlobalSection
	GlobalSection(SolutionProperties) = preSolution
		HideSolutionNode = FALSE
	EndGlobalSection
	GlobalSection(NestedProjects) = preSolution
		{8D93A6D0-B63D-4DA7-BE8E-CD8B15C14D85} = {0AB3BF05-4346-4AA6-1389-037BE0695223}
		{79368EF8-484E-4B1B-BA34-2A002CA2DAC8} = {0AB3BF05-4346-4AA6-1389-037BE0695223}
		{C7B9D046-5570-4968-8895-38D0AC61165E} = {827E0CD3-B72D-47B6-A68D-7590B98EB39B}
		{38BE0FF6-4B77-4E01-A76A-D867B97FF28D} = {827E0CD3-B72D-47B6-A68D-7590B98EB39B}
		{791A2229-7E7D-4F56-9A77-F8549063E7C6} = {827E0CD3-B72D-47B6-A68D-7590B98EB39B}
		{88A84EAC-7C10-4ECF-85DF-D306309829A7} = {827E0CD3-B72D-47B6-A68D-7590B98EB39B}
		{DEAB8259-7078-4B89-80B1-62951BC5D7D1} = {827E0CD3-B72D-47B6-A68D-7590B98EB39B}
		{F4BCAACB-EFA1-4B47-9F68-A9573E3BB614} = {827E0CD3-B72D-47B6-A68D-7590B98EB39B}
		{7C6B2F81-2B5F-4192-BFBF-1EBC9AEF90AC} = {827E0CD3-B72D-47B6-A68D-7590B98EB39B}
		{C2B7DDD5-A57F-4F4E-A50E-F36A3163EE8E} = {827E0CD3-B72D-47B6-A68D-7590B98EB39B}
		{2DFF05D2-D88F-4749-ADDA-8EC9E1D8F8A4} = {827E0CD3-B72D-47B6-A68D-7590B98EB39B}
	EndGlobalSection
EndGlobal
