
Microsoft Visual Studio Solution File, Format Version 12.00
# Visual Studio Version 17
VisualStudioVersion = 17.0.31903.59
MinimumVisualStudioVersion = 10.0.40219.1
Project("{FAE04EC0-301F-11D3-BF4B-00C04F79EFBC}") = "IdentityServer", "IdentityServer\IdentityServer.csproj", "{2D8FDE26-7A74-432E-A37A-67E38BD26126}"
EndProject
Project("{FAE04EC0-301F-11D3-BF4B-00C04F79EFBC}") = "Client", "Client\Client.csproj", "{AF6CC4C4-25BF-45B3-9C74-813097C85523}"
EndProject
Project("{FAE04EC0-301F-11D3-BF4B-00C04F79EFBC}") = "Api", "Api\Api.csproj", "{C0BD7DEF-606C-4C3C-9E49-2A962639B452}"
EndProject
Project("{FAE04EC0-301F-11D3-BF4B-00C04F79EFBC}") = "WebClient", "WebClient\WebClient.csproj", "{10CF1C28-92FC-4D06-9813-4748252F2B97}"
EndProject
Global
	GlobalSection(SolutionConfigurationPlatforms) = preSolution
		Debug|Any CPU = Debug|Any CPU
		Debug|x64 = Debug|x64
		Debug|x86 = Debug|x86
		Release|Any CPU = Release|Any CPU
		Release|x64 = Release|x64
		Release|x86 = Release|x86
	EndGlobalSection
	GlobalSection(ProjectConfigurationPlatforms) = postSolution
		{2D8FDE26-7A74-432E-A37A-67E38BD26126}.Debug|Any CPU.ActiveCfg = Debug|Any CPU
		{2D8FDE26-7A74-432E-A37A-67E38BD26126}.Debug|Any CPU.Build.0 = Debug|Any CPU
		{2D8FDE26-7A74-432E-A37A-67E38BD26126}.Debug|x64.ActiveCfg = Debug|Any CPU
		{2D8FDE26-7A74-432E-A37A-67E38BD26126}.Debug|x64.Build.0 = Debug|Any CPU
		{2D8FDE26-7A74-432E-A37A-67E38BD26126}.Debug|x86.ActiveCfg = Debug|Any CPU
		{2D8FDE26-7A74-432E-A37A-67E38BD26126}.Debug|x86.Build.0 = Debug|Any CPU
		{2D8FDE26-7A74-432E-A37A-67E38BD26126}.Release|Any CPU.ActiveCfg = Release|Any CPU
		{2D8FDE26-7A74-432E-A37A-67E38BD26126}.Release|Any CPU.Build.0 = Release|Any CPU
		{2D8FDE26-7A74-432E-A37A-67E38BD26126}.Release|x64.ActiveCfg = Release|Any CPU
		{2D8FDE26-7A74-432E-A37A-67E38BD26126}.Release|x64.Build.0 = Release|Any CPU
		{2D8FDE26-7A74-432E-A37A-67E38BD26126}.Release|x86.ActiveCfg = Release|Any CPU
		{2D8FDE26-7A74-432E-A37A-67E38BD26126}.Release|x86.Build.0 = Release|Any CPU
		{AF6CC4C4-25BF-45B3-9C74-813097C85523}.Debug|Any CPU.ActiveCfg = Debug|Any CPU
		{AF6CC4C4-25BF-45B3-9C74-813097C85523}.Debug|Any CPU.Build.0 = Debug|Any CPU
		{AF6CC4C4-25BF-45B3-9C74-813097C85523}.Debug|x64.ActiveCfg = Debug|Any CPU
		{AF6CC4C4-25BF-45B3-9C74-813097C85523}.Debug|x64.Build.0 = Debug|Any CPU
		{AF6CC4C4-25BF-45B3-9C74-813097C85523}.Debug|x86.ActiveCfg = Debug|Any CPU
		{AF6CC4C4-25BF-45B3-9C74-813097C85523}.Debug|x86.Build.0 = Debug|Any CPU
		{AF6CC4C4-25BF-45B3-9C74-813097C85523}.Release|Any CPU.ActiveCfg = Release|Any CPU
		{AF6CC4C4-25BF-45B3-9C74-813097C85523}.Release|Any CPU.Build.0 = Release|Any CPU
		{AF6CC4C4-25BF-45B3-9C74-813097C85523}.Release|x64.ActiveCfg = Release|Any CPU
		{AF6CC4C4-25BF-45B3-9C74-813097C85523}.Release|x64.Build.0 = Release|Any CPU
		{AF6CC4C4-25BF-45B3-9C74-813097C85523}.Release|x86.ActiveCfg = Release|Any CPU
		{AF6CC4C4-25BF-45B3-9C74-813097C85523}.Release|x86.Build.0 = Release|Any CPU
		{C0BD7DEF-606C-4C3C-9E49-2A962639B452}.Debug|Any CPU.ActiveCfg = Debug|Any CPU
		{C0BD7DEF-606C-4C3C-9E49-2A962639B452}.Debug|Any CPU.Build.0 = Debug|Any CPU
		{C0BD7DEF-606C-4C3C-9E49-2A962639B452}.Debug|x64.ActiveCfg = Debug|Any CPU
		{C0BD7DEF-606C-4C3C-9E49-2A962639B452}.Debug|x64.Build.0 = Debug|Any CPU
		{C0BD7DEF-606C-4C3C-9E49-2A962639B452}.Debug|x86.ActiveCfg = Debug|Any CPU
		{C0BD7DEF-606C-4C3C-9E49-2A962639B452}.Debug|x86.Build.0 = Debug|Any CPU
		{C0BD7DEF-606C-4C3C-9E49-2A962639B452}.Release|Any CPU.ActiveCfg = Release|Any CPU
		{C0BD7DEF-606C-4C3C-9E49-2A962639B452}.Release|Any CPU.Build.0 = Release|Any CPU
		{C0BD7DEF-606C-4C3C-9E49-2A962639B452}.Release|x64.ActiveCfg = Release|Any CPU
		{C0BD7DEF-606C-4C3C-9E49-2A962639B452}.Release|x64.Build.0 = Release|Any CPU
		{C0BD7DEF-606C-4C3C-9E49-2A962639B452}.Release|x86.ActiveCfg = Release|Any CPU
		{C0BD7DEF-606C-4C3C-9E49-2A962639B452}.Release|x86.Build.0 = Release|Any CPU
		{10CF1C28-92FC-4D06-9813-4748252F2B97}.Debug|Any CPU.ActiveCfg = Debug|Any CPU
		{10CF1C28-92FC-4D06-9813-4748252F2B97}.Debug|Any CPU.Build.0 = Debug|Any CPU
		{10CF1C28-92FC-4D06-9813-4748252F2B97}.Debug|x64.ActiveCfg = Debug|Any CPU
		{10CF1C28-92FC-4D06-9813-4748252F2B97}.Debug|x64.Build.0 = Debug|Any CPU
		{10CF1C28-92FC-4D06-9813-4748252F2B97}.Debug|x86.ActiveCfg = Debug|Any CPU
		{10CF1C28-92FC-4D06-9813-4748252F2B97}.Debug|x86.Build.0 = Debug|Any CPU
		{10CF1C28-92FC-4D06-9813-4748252F2B97}.Release|Any CPU.ActiveCfg = Release|Any CPU
		{10CF1C28-92FC-4D06-9813-4748252F2B97}.Release|Any CPU.Build.0 = Release|Any CPU
		{10CF1C28-92FC-4D06-9813-4748252F2B97}.Release|x64.ActiveCfg = Release|Any CPU
		{10CF1C28-92FC-4D06-9813-4748252F2B97}.Release|x64.Build.0 = Release|Any CPU
		{10CF1C28-92FC-4D06-9813-4748252F2B97}.Release|x86.ActiveCfg = Release|Any CPU
		{10CF1C28-92FC-4D06-9813-4748252F2B97}.Release|x86.Build.0 = Release|Any CPU
	EndGlobalSection
	GlobalSection(SolutionProperties) = preSolution
		HideSolutionNode = FALSE
	EndGlobalSection
EndGlobal
