
Microsoft Visual Studio Solution File, Format Version 12.00
# Visual Studio Version 17
VisualStudioVersion = 17.0.31903.59
MinimumVisualStudioVersion = 10.0.40219.1
Project("{FAE04EC0-301F-11D3-BF4B-00C04F79EFBC}") = "Api", "Api\Api.csproj", "{AC8B2599-5DB9-41D3-B6CC-D10F38A8C5EF}"
EndProject
Project("{FAE04EC0-301F-11D3-BF4B-00C04F79EFBC}") = "Client", "Client\Client.csproj", "{627F7749-2A6B-489F-A1AB-F8DF99678176}"
EndProject
Project("{FAE04EC0-301F-11D3-BF4B-00C04F79EFBC}") = "IdentityServer", "IdentityServer\IdentityServer.csproj", "{42AFCD9E-DA72-4D24-B125-D3475A132340}"
EndProject
Global
	GlobalSection(SolutionConfigurationPlatforms) = preSolution
		Debug|Any CPU = Debug|Any CPU
		Debug|x64 = Debug|x64
		Debug|x86 = Debug|x86
		Release|Any CPU = Release|Any CPU
		Release|x64 = Release|x64
		Release|x86 = Release|x86
	EndGlobalSection
	GlobalSection(ProjectConfigurationPlatforms) = postSolution
		{AC8B2599-5DB9-41D3-B6CC-D10F38A8C5EF}.Debug|Any CPU.ActiveCfg = Debug|Any CPU
		{AC8B2599-5DB9-41D3-B6CC-D10F38A8C5EF}.Debug|Any CPU.Build.0 = Debug|Any CPU
		{AC8B2599-5DB9-41D3-B6CC-D10F38A8C5EF}.Debug|x64.ActiveCfg = Debug|Any CPU
		{AC8B2599-5DB9-41D3-B6CC-D10F38A8C5EF}.Debug|x64.Build.0 = Debug|Any CPU
		{AC8B2599-5DB9-41D3-B6CC-D10F38A8C5EF}.Debug|x86.ActiveCfg = Debug|Any CPU
		{AC8B2599-5DB9-41D3-B6CC-D10F38A8C5EF}.Debug|x86.Build.0 = Debug|Any CPU
		{AC8B2599-5DB9-41D3-B6CC-D10F38A8C5EF}.Release|Any CPU.ActiveCfg = Release|Any CPU
		{AC8B2599-5DB9-41D3-B6CC-D10F38A8C5EF}.Release|Any CPU.Build.0 = Release|Any CPU
		{AC8B2599-5DB9-41D3-B6CC-D10F38A8C5EF}.Release|x64.ActiveCfg = Release|Any CPU
		{AC8B2599-5DB9-41D3-B6CC-D10F38A8C5EF}.Release|x64.Build.0 = Release|Any CPU
		{AC8B2599-5DB9-41D3-B6CC-D10F38A8C5EF}.Release|x86.ActiveCfg = Release|Any CPU
		{AC8B2599-5DB9-41D3-B6CC-D10F38A8C5EF}.Release|x86.Build.0 = Release|Any CPU
		{627F7749-2A6B-489F-A1AB-F8DF99678176}.Debug|Any CPU.ActiveCfg = Debug|Any CPU
		{627F7749-2A6B-489F-A1AB-F8DF99678176}.Debug|Any CPU.Build.0 = Debug|Any CPU
		{627F7749-2A6B-489F-A1AB-F8DF99678176}.Debug|x64.ActiveCfg = Debug|Any CPU
		{627F7749-2A6B-489F-A1AB-F8DF99678176}.Debug|x64.Build.0 = Debug|Any CPU
		{627F7749-2A6B-489F-A1AB-F8DF99678176}.Debug|x86.ActiveCfg = Debug|Any CPU
		{627F7749-2A6B-489F-A1AB-F8DF99678176}.Debug|x86.Build.0 = Debug|Any CPU
		{627F7749-2A6B-489F-A1AB-F8DF99678176}.Release|Any CPU.ActiveCfg = Release|Any CPU
		{627F7749-2A6B-489F-A1AB-F8DF99678176}.Release|Any CPU.Build.0 = Release|Any CPU
		{627F7749-2A6B-489F-A1AB-F8DF99678176}.Release|x64.ActiveCfg = Release|Any CPU
		{627F7749-2A6B-489F-A1AB-F8DF99678176}.Release|x64.Build.0 = Release|Any CPU
		{627F7749-2A6B-489F-A1AB-F8DF99678176}.Release|x86.ActiveCfg = Release|Any CPU
		{627F7749-2A6B-489F-A1AB-F8DF99678176}.Release|x86.Build.0 = Release|Any CPU
		{42AFCD9E-DA72-4D24-B125-D3475A132340}.Debug|Any CPU.ActiveCfg = Debug|Any CPU
		{42AFCD9E-DA72-4D24-B125-D3475A132340}.Debug|Any CPU.Build.0 = Debug|Any CPU
		{42AFCD9E-DA72-4D24-B125-D3475A132340}.Debug|x64.ActiveCfg = Debug|Any CPU
		{42AFCD9E-DA72-4D24-B125-D3475A132340}.Debug|x64.Build.0 = Debug|Any CPU
		{42AFCD9E-DA72-4D24-B125-D3475A132340}.Debug|x86.ActiveCfg = Debug|Any CPU
		{42AFCD9E-DA72-4D24-B125-D3475A132340}.Debug|x86.Build.0 = Debug|Any CPU
		{42AFCD9E-DA72-4D24-B125-D3475A132340}.Release|Any CPU.ActiveCfg = Release|Any CPU
		{42AFCD9E-DA72-4D24-B125-D3475A132340}.Release|Any CPU.Build.0 = Release|Any CPU
		{42AFCD9E-DA72-4D24-B125-D3475A132340}.Release|x64.ActiveCfg = Release|Any CPU
		{42AFCD9E-DA72-4D24-B125-D3475A132340}.Release|x64.Build.0 = Release|Any CPU
		{42AFCD9E-DA72-4D24-B125-D3475A132340}.Release|x86.ActiveCfg = Release|Any CPU
		{42AFCD9E-DA72-4D24-B125-D3475A132340}.Release|x86.Build.0 = Release|Any CPU
	EndGlobalSection
	GlobalSection(SolutionProperties) = preSolution
		HideSolutionNode = FALSE
	EndGlobalSection
EndGlobal
