Microsoft Visual Studio Solution File, Format Version 12.00
# Visual Studio Version 17
VisualStudioVersion = 17.5.2.0
MinimumVisualStudioVersion = 10.0.40219.1
Project("{FAE04EC0-301F-11D3-BF4B-00C04F79EFBC}") = "AdminApp", "AdminApp.csproj", "{899175F8-C0C7-FC54-8AE9-E768AF98FEBE}"
EndProject
Global
	GlobalSection(SolutionConfigurationPlatforms) = preSolution
		Debug|Any CPU = Debug|Any CPU
		Release|Any CPU = Release|Any CPU
	EndGlobalSection
	GlobalSection(ProjectConfigurationPlatforms) = postSolution
		{899175F8-C0C7-FC54-8AE9-E768AF98FEBE}.Debug|Any CPU.ActiveCfg = Debug|Any CPU
		{899175F8-C0C7-FC54-8AE9-E768AF98FEBE}.Debug|Any CPU.Build.0 = Debug|Any CPU
		{899175F8-C0C7-FC54-8AE9-E768AF98FEBE}.Release|Any CPU.ActiveCfg = Release|Any CPU
		{899175F8-C0C7-FC54-8AE9-E768AF98FEBE}.Release|Any CPU.Build.0 = Release|Any CPU
	EndGlobalSection
	GlobalSection(SolutionProperties) = preSolution
		HideSolutionNode = FALSE
	EndGlobalSection
	GlobalSection(ExtensibilityGlobals) = postSolution
		SolutionGuid = {05B6E267-CE47-4030-A726-086E114D9202}
	EndGlobalSection
EndGlobal
