
Microsoft Visual Studio Solution File, Format Version 12.00
# Visual Studio Version 17
VisualStudioVersion = 17.0.31903.59
MinimumVisualStudioVersion = 10.0.40219.1
Project("{FAE04EC0-301F-11D3-BF4B-00C04F79EFBC}") = "WebApi.Application", "WebApi.Application\WebApi.Application.csproj", "{18E458D7-FAA4-41FB-84D0-CDEEF46D6E5A}"
EndProject
Project("{FAE04EC0-301F-11D3-BF4B-00C04F79EFBC}") = "WebApi.Data", "WebApi.Data\WebApi.Data.csproj", "{B7633C21-2813-4024-B403-0912945AF47D}"
EndProject
Project("{FAE04EC0-301F-11D3-BF4B-00C04F79EFBC}") = "WebApi.Data.EF", "WebApi.Data.EF\WebApi.Data.EF.csproj", "{3C33965E-484D-4433-B08F-C2B51AC895B2}"
EndProject
Project("{FAE04EC0-301F-11D3-BF4B-00C04F79EFBC}") = "WebApi.Infrastructure", "WebApi.Infrastructure\WebApi.Infrastructure.csproj", "{FAD714B8-F00C-44DC-B2CC-6F1DDB7EA35E}"
EndProject
Project("{FAE04EC0-301F-11D3-BF4B-00C04F79EFBC}") = "WebApi.Utilities", "WebApi.Utilities\WebApi.Utilities.csproj", "{80BB72EA-C6ED-405C-8F0F-59564AA7EC08}"
EndProject
Project("{FAE04EC0-301F-11D3-BF4B-00C04F79EFBC}") = "WebApi.Api", "WebApi.Api\WebApi.Api.csproj", "{95B46C02-9057-4950-B6AD-ADA3C1310868}"
EndProject
Global
	GlobalSection(SolutionConfigurationPlatforms) = preSolution
		Debug|Any CPU = Debug|Any CPU
		Debug|x64 = Debug|x64
		Debug|x86 = Debug|x86
		Release|Any CPU = Release|Any CPU
		Release|x64 = Release|x64
		Release|x86 = Release|x86
	EndGlobalSection
	GlobalSection(ProjectConfigurationPlatforms) = postSolution
		{18E458D7-FAA4-41FB-84D0-CDEEF46D6E5A}.Debug|Any CPU.ActiveCfg = Debug|Any CPU
		{18E458D7-FAA4-41FB-84D0-CDEEF46D6E5A}.Debug|Any CPU.Build.0 = Debug|Any CPU
		{18E458D7-FAA4-41FB-84D0-CDEEF46D6E5A}.Debug|x64.ActiveCfg = Debug|Any CPU
		{18E458D7-FAA4-41FB-84D0-CDEEF46D6E5A}.Debug|x64.Build.0 = Debug|Any CPU
		{18E458D7-FAA4-41FB-84D0-CDEEF46D6E5A}.Debug|x86.ActiveCfg = Debug|Any CPU
		{18E458D7-FAA4-41FB-84D0-CDEEF46D6E5A}.Debug|x86.Build.0 = Debug|Any CPU
		{18E458D7-FAA4-41FB-84D0-CDEEF46D6E5A}.Release|Any CPU.ActiveCfg = Release|Any CPU
		{18E458D7-FAA4-41FB-84D0-CDEEF46D6E5A}.Release|Any CPU.Build.0 = Release|Any CPU
		{18E458D7-FAA4-41FB-84D0-CDEEF46D6E5A}.Release|x64.ActiveCfg = Release|Any CPU
		{18E458D7-FAA4-41FB-84D0-CDEEF46D6E5A}.Release|x64.Build.0 = Release|Any CPU
		{18E458D7-FAA4-41FB-84D0-CDEEF46D6E5A}.Release|x86.ActiveCfg = Release|Any CPU
		{18E458D7-FAA4-41FB-84D0-CDEEF46D6E5A}.Release|x86.Build.0 = Release|Any CPU
		{B7633C21-2813-4024-B403-0912945AF47D}.Debug|Any CPU.ActiveCfg = Debug|Any CPU
		{B7633C21-2813-4024-B403-0912945AF47D}.Debug|Any CPU.Build.0 = Debug|Any CPU
		{B7633C21-2813-4024-B403-0912945AF47D}.Debug|x64.ActiveCfg = Debug|Any CPU
		{B7633C21-2813-4024-B403-0912945AF47D}.Debug|x64.Build.0 = Debug|Any CPU
		{B7633C21-2813-4024-B403-0912945AF47D}.Debug|x86.ActiveCfg = Debug|Any CPU
		{B7633C21-2813-4024-B403-0912945AF47D}.Debug|x86.Build.0 = Debug|Any CPU
		{B7633C21-2813-4024-B403-0912945AF47D}.Release|Any CPU.ActiveCfg = Release|Any CPU
		{B7633C21-2813-4024-B403-0912945AF47D}.Release|Any CPU.Build.0 = Release|Any CPU
		{B7633C21-2813-4024-B403-0912945AF47D}.Release|x64.ActiveCfg = Release|Any CPU
		{B7633C21-2813-4024-B403-0912945AF47D}.Release|x64.Build.0 = Release|Any CPU
		{B7633C21-2813-4024-B403-0912945AF47D}.Release|x86.ActiveCfg = Release|Any CPU
		{B7633C21-2813-4024-B403-0912945AF47D}.Release|x86.Build.0 = Release|Any CPU
		{3C33965E-484D-4433-B08F-C2B51AC895B2}.Debug|Any CPU.ActiveCfg = Debug|Any CPU
		{3C33965E-484D-4433-B08F-C2B51AC895B2}.Debug|Any CPU.Build.0 = Debug|Any CPU
		{3C33965E-484D-4433-B08F-C2B51AC895B2}.Debug|x64.ActiveCfg = Debug|Any CPU
		{3C33965E-484D-4433-B08F-C2B51AC895B2}.Debug|x64.Build.0 = Debug|Any CPU
		{3C33965E-484D-4433-B08F-C2B51AC895B2}.Debug|x86.ActiveCfg = Debug|Any CPU
		{3C33965E-484D-4433-B08F-C2B51AC895B2}.Debug|x86.Build.0 = Debug|Any CPU
		{3C33965E-484D-4433-B08F-C2B51AC895B2}.Release|Any CPU.ActiveCfg = Release|Any CPU
		{3C33965E-484D-4433-B08F-C2B51AC895B2}.Release|Any CPU.Build.0 = Release|Any CPU
		{3C33965E-484D-4433-B08F-C2B51AC895B2}.Release|x64.ActiveCfg = Release|Any CPU
		{3C33965E-484D-4433-B08F-C2B51AC895B2}.Release|x64.Build.0 = Release|Any CPU
		{3C33965E-484D-4433-B08F-C2B51AC895B2}.Release|x86.ActiveCfg = Release|Any CPU
		{3C33965E-484D-4433-B08F-C2B51AC895B2}.Release|x86.Build.0 = Release|Any CPU
		{FAD714B8-F00C-44DC-B2CC-6F1DDB7EA35E}.Debug|Any CPU.ActiveCfg = Debug|Any CPU
		{FAD714B8-F00C-44DC-B2CC-6F1DDB7EA35E}.Debug|Any CPU.Build.0 = Debug|Any CPU
		{FAD714B8-F00C-44DC-B2CC-6F1DDB7EA35E}.Debug|x64.ActiveCfg = Debug|Any CPU
		{FAD714B8-F00C-44DC-B2CC-6F1DDB7EA35E}.Debug|x64.Build.0 = Debug|Any CPU
		{FAD714B8-F00C-44DC-B2CC-6F1DDB7EA35E}.Debug|x86.ActiveCfg = Debug|Any CPU
		{FAD714B8-F00C-44DC-B2CC-6F1DDB7EA35E}.Debug|x86.Build.0 = Debug|Any CPU
		{FAD714B8-F00C-44DC-B2CC-6F1DDB7EA35E}.Release|Any CPU.ActiveCfg = Release|Any CPU
		{FAD714B8-F00C-44DC-B2CC-6F1DDB7EA35E}.Release|Any CPU.Build.0 = Release|Any CPU
		{FAD714B8-F00C-44DC-B2CC-6F1DDB7EA35E}.Release|x64.ActiveCfg = Release|Any CPU
		{FAD714B8-F00C-44DC-B2CC-6F1DDB7EA35E}.Release|x64.Build.0 = Release|Any CPU
		{FAD714B8-F00C-44DC-B2CC-6F1DDB7EA35E}.Release|x86.ActiveCfg = Release|Any CPU
		{FAD714B8-F00C-44DC-B2CC-6F1DDB7EA35E}.Release|x86.Build.0 = Release|Any CPU
		{80BB72EA-C6ED-405C-8F0F-59564AA7EC08}.Debug|Any CPU.ActiveCfg = Debug|Any CPU
		{80BB72EA-C6ED-405C-8F0F-59564AA7EC08}.Debug|Any CPU.Build.0 = Debug|Any CPU
		{80BB72EA-C6ED-405C-8F0F-59564AA7EC08}.Debug|x64.ActiveCfg = Debug|Any CPU
		{80BB72EA-C6ED-405C-8F0F-59564AA7EC08}.Debug|x64.Build.0 = Debug|Any CPU
		{80BB72EA-C6ED-405C-8F0F-59564AA7EC08}.Debug|x86.ActiveCfg = Debug|Any CPU
		{80BB72EA-C6ED-405C-8F0F-59564AA7EC08}.Debug|x86.Build.0 = Debug|Any CPU
		{80BB72EA-C6ED-405C-8F0F-59564AA7EC08}.Release|Any CPU.ActiveCfg = Release|Any CPU
		{80BB72EA-C6ED-405C-8F0F-59564AA7EC08}.Release|Any CPU.Build.0 = Release|Any CPU
		{80BB72EA-C6ED-405C-8F0F-59564AA7EC08}.Release|x64.ActiveCfg = Release|Any CPU
		{80BB72EA-C6ED-405C-8F0F-59564AA7EC08}.Release|x64.Build.0 = Release|Any CPU
		{80BB72EA-C6ED-405C-8F0F-59564AA7EC08}.Release|x86.ActiveCfg = Release|Any CPU
		{80BB72EA-C6ED-405C-8F0F-59564AA7EC08}.Release|x86.Build.0 = Release|Any CPU
		{95B46C02-9057-4950-B6AD-ADA3C1310868}.Debug|Any CPU.ActiveCfg = Debug|Any CPU
		{95B46C02-9057-4950-B6AD-ADA3C1310868}.Debug|Any CPU.Build.0 = Debug|Any CPU
		{95B46C02-9057-4950-B6AD-ADA3C1310868}.Debug|x64.ActiveCfg = Debug|Any CPU
		{95B46C02-9057-4950-B6AD-ADA3C1310868}.Debug|x64.Build.0 = Debug|Any CPU
		{95B46C02-9057-4950-B6AD-ADA3C1310868}.Debug|x86.ActiveCfg = Debug|Any CPU
		{95B46C02-9057-4950-B6AD-ADA3C1310868}.Debug|x86.Build.0 = Debug|Any CPU
		{95B46C02-9057-4950-B6AD-ADA3C1310868}.Release|Any CPU.ActiveCfg = Release|Any CPU
		{95B46C02-9057-4950-B6AD-ADA3C1310868}.Release|Any CPU.Build.0 = Release|Any CPU
		{95B46C02-9057-4950-B6AD-ADA3C1310868}.Release|x64.ActiveCfg = Release|Any CPU
		{95B46C02-9057-4950-B6AD-ADA3C1310868}.Release|x64.Build.0 = Release|Any CPU
		{95B46C02-9057-4950-B6AD-ADA3C1310868}.Release|x86.ActiveCfg = Release|Any CPU
		{95B46C02-9057-4950-B6AD-ADA3C1310868}.Release|x86.Build.0 = Release|Any CPU
	EndGlobalSection
	GlobalSection(SolutionProperties) = preSolution
		HideSolutionNode = FALSE
	EndGlobalSection
EndGlobal
