
Microsoft Visual Studio Solution File, Format Version 12.00
# Visual Studio Version 17
VisualStudioVersion = 17.0.31903.59
MinimumVisualStudioVersion = 10.0.40219.1
Project("{FAE04EC0-301F-11D3-BF4B-00C04F79EFBC}") = "IdentityServer", "IdentityServer\IdentityServer.csproj", "{6C62A614-9D17-42EA-8B6C-3949E2EA1CF4}"
EndProject
Project("{FAE04EC0-301F-11D3-BF4B-00C04F79EFBC}") = "ClientCredentials", "ClientCredentials\ClientCredentials.csproj", "{2AC21D98-618F-4829-81ED-AAE86E901A21}"
EndProject
Project("{FAE04EC0-301F-11D3-BF4B-00C04F79EFBC}") = "Apis.Simple", "Apis.Simple\Apis.Simple.csproj", "{74253960-17E7-42F1-A1BC-9C29CBCF9ADD}"
EndProject
Project("{FAE04EC0-301F-11D3-BF4B-00C04F79EFBC}") = "Apis.ResourceBased", "Apis.ResourceBased\Apis.ResourceBased.csproj", "{A28F2BFD-FBC9-4B79-BA6F-FD3D7D16F8A8}"
EndProject
Project("{FAE04EC0-301F-11D3-BF4B-00C04F79EFBC}") = "Shared", "Shared\Shared.csproj", "{FF6C1920-49C9-4821-B792-9CC4BEE3E95D}"
EndProject
Project("{FAE04EC0-301F-11D3-BF4B-00C04F79EFBC}") = "JwtBasedClientAuthentication", "JwtBasedClientAuthentication\JwtBasedClientAuthentication.csproj", "{96630753-0B26-463E-ACEB-3DF8D75E9F86}"
EndProject
Project("{FAE04EC0-301F-11D3-BF4B-00C04F79EFBC}") = "Introspection", "Introspection\Introspection.csproj", "{DECCE840-3C8B-4EDA-BDC1-A1279048F49C}"
EndProject
Project("{FAE04EC0-301F-11D3-BF4B-00C04F79EFBC}") = "MvcBasic", "MvcBasic\MvcBasic.csproj", "{A6155F78-6A49-4E83-AD99-DF2979E66AD6}"
EndProject
Project("{FAE04EC0-301F-11D3-BF4B-00C04F79EFBC}") = "MvcTokenManagement", "MvcTokenManagement\MvcTokenManagement.csproj", "{C618A987-AC4A-480B-99FF-DA3A5760DDD4}"
EndProject
Project("{FAE04EC0-301F-11D3-BF4B-00C04F79EFBC}") = "MvcJarJwt", "MvcJarJwt\MvcJarJwt.csproj", "{0FCA6C98-AB31-4907-B35E-A73189B4D32C}"
EndProject
Project("{FAE04EC0-301F-11D3-BF4B-00C04F79EFBC}") = "MvcPar", "MvcPar\MvcPar.csproj", "{2A6C92DD-9204-4520-AA61-392FB6C1B8B6}"
EndProject
Project("{FAE04EC0-301F-11D3-BF4B-00C04F79EFBC}") = "MvcBackChannelLogout", "MvcBackChannelLogout\MvcBackChannelLogout.csproj", "{75EBB3F4-1ECD-492E-974C-4834D39CD5A3}"
EndProject
Global
	GlobalSection(SolutionConfigurationPlatforms) = preSolution
		Debug|Any CPU = Debug|Any CPU
		Debug|x64 = Debug|x64
		Debug|x86 = Debug|x86
		Release|Any CPU = Release|Any CPU
		Release|x64 = Release|x64
		Release|x86 = Release|x86
	EndGlobalSection
	GlobalSection(ProjectConfigurationPlatforms) = postSolution
		{6C62A614-9D17-42EA-8B6C-3949E2EA1CF4}.Debug|Any CPU.ActiveCfg = Debug|Any CPU
		{6C62A614-9D17-42EA-8B6C-3949E2EA1CF4}.Debug|Any CPU.Build.0 = Debug|Any CPU
		{6C62A614-9D17-42EA-8B6C-3949E2EA1CF4}.Debug|x64.ActiveCfg = Debug|Any CPU
		{6C62A614-9D17-42EA-8B6C-3949E2EA1CF4}.Debug|x64.Build.0 = Debug|Any CPU
		{6C62A614-9D17-42EA-8B6C-3949E2EA1CF4}.Debug|x86.ActiveCfg = Debug|Any CPU
		{6C62A614-9D17-42EA-8B6C-3949E2EA1CF4}.Debug|x86.Build.0 = Debug|Any CPU
		{6C62A614-9D17-42EA-8B6C-3949E2EA1CF4}.Release|Any CPU.ActiveCfg = Release|Any CPU
		{6C62A614-9D17-42EA-8B6C-3949E2EA1CF4}.Release|Any CPU.Build.0 = Release|Any CPU
		{6C62A614-9D17-42EA-8B6C-3949E2EA1CF4}.Release|x64.ActiveCfg = Release|Any CPU
		{6C62A614-9D17-42EA-8B6C-3949E2EA1CF4}.Release|x64.Build.0 = Release|Any CPU
		{6C62A614-9D17-42EA-8B6C-3949E2EA1CF4}.Release|x86.ActiveCfg = Release|Any CPU
		{6C62A614-9D17-42EA-8B6C-3949E2EA1CF4}.Release|x86.Build.0 = Release|Any CPU
		{2AC21D98-618F-4829-81ED-AAE86E901A21}.Debug|Any CPU.ActiveCfg = Debug|Any CPU
		{2AC21D98-618F-4829-81ED-AAE86E901A21}.Debug|Any CPU.Build.0 = Debug|Any CPU
		{2AC21D98-618F-4829-81ED-AAE86E901A21}.Debug|x64.ActiveCfg = Debug|Any CPU
		{2AC21D98-618F-4829-81ED-AAE86E901A21}.Debug|x64.Build.0 = Debug|Any CPU
		{2AC21D98-618F-4829-81ED-AAE86E901A21}.Debug|x86.ActiveCfg = Debug|Any CPU
		{2AC21D98-618F-4829-81ED-AAE86E901A21}.Debug|x86.Build.0 = Debug|Any CPU
		{2AC21D98-618F-4829-81ED-AAE86E901A21}.Release|Any CPU.ActiveCfg = Release|Any CPU
		{2AC21D98-618F-4829-81ED-AAE86E901A21}.Release|Any CPU.Build.0 = Release|Any CPU
		{2AC21D98-618F-4829-81ED-AAE86E901A21}.Release|x64.ActiveCfg = Release|Any CPU
		{2AC21D98-618F-4829-81ED-AAE86E901A21}.Release|x64.Build.0 = Release|Any CPU
		{2AC21D98-618F-4829-81ED-AAE86E901A21}.Release|x86.ActiveCfg = Release|Any CPU
		{2AC21D98-618F-4829-81ED-AAE86E901A21}.Release|x86.Build.0 = Release|Any CPU
		{74253960-17E7-42F1-A1BC-9C29CBCF9ADD}.Debug|Any CPU.ActiveCfg = Debug|Any CPU
		{74253960-17E7-42F1-A1BC-9C29CBCF9ADD}.Debug|Any CPU.Build.0 = Debug|Any CPU
		{74253960-17E7-42F1-A1BC-9C29CBCF9ADD}.Debug|x64.ActiveCfg = Debug|Any CPU
		{74253960-17E7-42F1-A1BC-9C29CBCF9ADD}.Debug|x64.Build.0 = Debug|Any CPU
		{74253960-17E7-42F1-A1BC-9C29CBCF9ADD}.Debug|x86.ActiveCfg = Debug|Any CPU
		{74253960-17E7-42F1-A1BC-9C29CBCF9ADD}.Debug|x86.Build.0 = Debug|Any CPU
		{74253960-17E7-42F1-A1BC-9C29CBCF9ADD}.Release|Any CPU.ActiveCfg = Release|Any CPU
		{74253960-17E7-42F1-A1BC-9C29CBCF9ADD}.Release|Any CPU.Build.0 = Release|Any CPU
		{74253960-17E7-42F1-A1BC-9C29CBCF9ADD}.Release|x64.ActiveCfg = Release|Any CPU
		{74253960-17E7-42F1-A1BC-9C29CBCF9ADD}.Release|x64.Build.0 = Release|Any CPU
		{74253960-17E7-42F1-A1BC-9C29CBCF9ADD}.Release|x86.ActiveCfg = Release|Any CPU
		{74253960-17E7-42F1-A1BC-9C29CBCF9ADD}.Release|x86.Build.0 = Release|Any CPU
		{A28F2BFD-FBC9-4B79-BA6F-FD3D7D16F8A8}.Debug|Any CPU.ActiveCfg = Debug|Any CPU
		{A28F2BFD-FBC9-4B79-BA6F-FD3D7D16F8A8}.Debug|Any CPU.Build.0 = Debug|Any CPU
		{A28F2BFD-FBC9-4B79-BA6F-FD3D7D16F8A8}.Debug|x64.ActiveCfg = Debug|Any CPU
		{A28F2BFD-FBC9-4B79-BA6F-FD3D7D16F8A8}.Debug|x64.Build.0 = Debug|Any CPU
		{A28F2BFD-FBC9-4B79-BA6F-FD3D7D16F8A8}.Debug|x86.ActiveCfg = Debug|Any CPU
		{A28F2BFD-FBC9-4B79-BA6F-FD3D7D16F8A8}.Debug|x86.Build.0 = Debug|Any CPU
		{A28F2BFD-FBC9-4B79-BA6F-FD3D7D16F8A8}.Release|Any CPU.ActiveCfg = Release|Any CPU
		{A28F2BFD-FBC9-4B79-BA6F-FD3D7D16F8A8}.Release|Any CPU.Build.0 = Release|Any CPU
		{A28F2BFD-FBC9-4B79-BA6F-FD3D7D16F8A8}.Release|x64.ActiveCfg = Release|Any CPU
		{A28F2BFD-FBC9-4B79-BA6F-FD3D7D16F8A8}.Release|x64.Build.0 = Release|Any CPU
		{A28F2BFD-FBC9-4B79-BA6F-FD3D7D16F8A8}.Release|x86.ActiveCfg = Release|Any CPU
		{A28F2BFD-FBC9-4B79-BA6F-FD3D7D16F8A8}.Release|x86.Build.0 = Release|Any CPU
		{FF6C1920-49C9-4821-B792-9CC4BEE3E95D}.Debug|Any CPU.ActiveCfg = Debug|Any CPU
		{FF6C1920-49C9-4821-B792-9CC4BEE3E95D}.Debug|Any CPU.Build.0 = Debug|Any CPU
		{FF6C1920-49C9-4821-B792-9CC4BEE3E95D}.Debug|x64.ActiveCfg = Debug|Any CPU
		{FF6C1920-49C9-4821-B792-9CC4BEE3E95D}.Debug|x64.Build.0 = Debug|Any CPU
		{FF6C1920-49C9-4821-B792-9CC4BEE3E95D}.Debug|x86.ActiveCfg = Debug|Any CPU
		{FF6C1920-49C9-4821-B792-9CC4BEE3E95D}.Debug|x86.Build.0 = Debug|Any CPU
		{FF6C1920-49C9-4821-B792-9CC4BEE3E95D}.Release|Any CPU.ActiveCfg = Release|Any CPU
		{FF6C1920-49C9-4821-B792-9CC4BEE3E95D}.Release|Any CPU.Build.0 = Release|Any CPU
		{FF6C1920-49C9-4821-B792-9CC4BEE3E95D}.Release|x64.ActiveCfg = Release|Any CPU
		{FF6C1920-49C9-4821-B792-9CC4BEE3E95D}.Release|x64.Build.0 = Release|Any CPU
		{FF6C1920-49C9-4821-B792-9CC4BEE3E95D}.Release|x86.ActiveCfg = Release|Any CPU
		{FF6C1920-49C9-4821-B792-9CC4BEE3E95D}.Release|x86.Build.0 = Release|Any CPU
		{96630753-0B26-463E-ACEB-3DF8D75E9F86}.Debug|Any CPU.ActiveCfg = Debug|Any CPU
		{96630753-0B26-463E-ACEB-3DF8D75E9F86}.Debug|Any CPU.Build.0 = Debug|Any CPU
		{96630753-0B26-463E-ACEB-3DF8D75E9F86}.Debug|x64.ActiveCfg = Debug|Any CPU
		{96630753-0B26-463E-ACEB-3DF8D75E9F86}.Debug|x64.Build.0 = Debug|Any CPU
		{96630753-0B26-463E-ACEB-3DF8D75E9F86}.Debug|x86.ActiveCfg = Debug|Any CPU
		{96630753-0B26-463E-ACEB-3DF8D75E9F86}.Debug|x86.Build.0 = Debug|Any CPU
		{96630753-0B26-463E-ACEB-3DF8D75E9F86}.Release|Any CPU.ActiveCfg = Release|Any CPU
		{96630753-0B26-463E-ACEB-3DF8D75E9F86}.Release|Any CPU.Build.0 = Release|Any CPU
		{96630753-0B26-463E-ACEB-3DF8D75E9F86}.Release|x64.ActiveCfg = Release|Any CPU
		{96630753-0B26-463E-ACEB-3DF8D75E9F86}.Release|x64.Build.0 = Release|Any CPU
		{96630753-0B26-463E-ACEB-3DF8D75E9F86}.Release|x86.ActiveCfg = Release|Any CPU
		{96630753-0B26-463E-ACEB-3DF8D75E9F86}.Release|x86.Build.0 = Release|Any CPU
		{DECCE840-3C8B-4EDA-BDC1-A1279048F49C}.Debug|Any CPU.ActiveCfg = Debug|Any CPU
		{DECCE840-3C8B-4EDA-BDC1-A1279048F49C}.Debug|Any CPU.Build.0 = Debug|Any CPU
		{DECCE840-3C8B-4EDA-BDC1-A1279048F49C}.Debug|x64.ActiveCfg = Debug|Any CPU
		{DECCE840-3C8B-4EDA-BDC1-A1279048F49C}.Debug|x64.Build.0 = Debug|Any CPU
		{DECCE840-3C8B-4EDA-BDC1-A1279048F49C}.Debug|x86.ActiveCfg = Debug|Any CPU
		{DECCE840-3C8B-4EDA-BDC1-A1279048F49C}.Debug|x86.Build.0 = Debug|Any CPU
		{DECCE840-3C8B-4EDA-BDC1-A1279048F49C}.Release|Any CPU.ActiveCfg = Release|Any CPU
		{DECCE840-3C8B-4EDA-BDC1-A1279048F49C}.Release|Any CPU.Build.0 = Release|Any CPU
		{DECCE840-3C8B-4EDA-BDC1-A1279048F49C}.Release|x64.ActiveCfg = Release|Any CPU
		{DECCE840-3C8B-4EDA-BDC1-A1279048F49C}.Release|x64.Build.0 = Release|Any CPU
		{DECCE840-3C8B-4EDA-BDC1-A1279048F49C}.Release|x86.ActiveCfg = Release|Any CPU
		{DECCE840-3C8B-4EDA-BDC1-A1279048F49C}.Release|x86.Build.0 = Release|Any CPU
		{A6155F78-6A49-4E83-AD99-DF2979E66AD6}.Debug|Any CPU.ActiveCfg = Debug|Any CPU
		{A6155F78-6A49-4E83-AD99-DF2979E66AD6}.Debug|Any CPU.Build.0 = Debug|Any CPU
		{A6155F78-6A49-4E83-AD99-DF2979E66AD6}.Debug|x64.ActiveCfg = Debug|Any CPU
		{A6155F78-6A49-4E83-AD99-DF2979E66AD6}.Debug|x64.Build.0 = Debug|Any CPU
		{A6155F78-6A49-4E83-AD99-DF2979E66AD6}.Debug|x86.ActiveCfg = Debug|Any CPU
		{A6155F78-6A49-4E83-AD99-DF2979E66AD6}.Debug|x86.Build.0 = Debug|Any CPU
		{A6155F78-6A49-4E83-AD99-DF2979E66AD6}.Release|Any CPU.ActiveCfg = Release|Any CPU
		{A6155F78-6A49-4E83-AD99-DF2979E66AD6}.Release|Any CPU.Build.0 = Release|Any CPU
		{A6155F78-6A49-4E83-AD99-DF2979E66AD6}.Release|x64.ActiveCfg = Release|Any CPU
		{A6155F78-6A49-4E83-AD99-DF2979E66AD6}.Release|x64.Build.0 = Release|Any CPU
		{A6155F78-6A49-4E83-AD99-DF2979E66AD6}.Release|x86.ActiveCfg = Release|Any CPU
		{A6155F78-6A49-4E83-AD99-DF2979E66AD6}.Release|x86.Build.0 = Release|Any CPU
		{C618A987-AC4A-480B-99FF-DA3A5760DDD4}.Debug|Any CPU.ActiveCfg = Debug|Any CPU
		{C618A987-AC4A-480B-99FF-DA3A5760DDD4}.Debug|Any CPU.Build.0 = Debug|Any CPU
		{C618A987-AC4A-480B-99FF-DA3A5760DDD4}.Debug|x64.ActiveCfg = Debug|Any CPU
		{C618A987-AC4A-480B-99FF-DA3A5760DDD4}.Debug|x64.Build.0 = Debug|Any CPU
		{C618A987-AC4A-480B-99FF-DA3A5760DDD4}.Debug|x86.ActiveCfg = Debug|Any CPU
		{C618A987-AC4A-480B-99FF-DA3A5760DDD4}.Debug|x86.Build.0 = Debug|Any CPU
		{C618A987-AC4A-480B-99FF-DA3A5760DDD4}.Release|Any CPU.ActiveCfg = Release|Any CPU
		{C618A987-AC4A-480B-99FF-DA3A5760DDD4}.Release|Any CPU.Build.0 = Release|Any CPU
		{C618A987-AC4A-480B-99FF-DA3A5760DDD4}.Release|x64.ActiveCfg = Release|Any CPU
		{C618A987-AC4A-480B-99FF-DA3A5760DDD4}.Release|x64.Build.0 = Release|Any CPU
		{C618A987-AC4A-480B-99FF-DA3A5760DDD4}.Release|x86.ActiveCfg = Release|Any CPU
		{C618A987-AC4A-480B-99FF-DA3A5760DDD4}.Release|x86.Build.0 = Release|Any CPU
		{0FCA6C98-AB31-4907-B35E-A73189B4D32C}.Debug|Any CPU.ActiveCfg = Debug|Any CPU
		{0FCA6C98-AB31-4907-B35E-A73189B4D32C}.Debug|Any CPU.Build.0 = Debug|Any CPU
		{0FCA6C98-AB31-4907-B35E-A73189B4D32C}.Debug|x64.ActiveCfg = Debug|Any CPU
		{0FCA6C98-AB31-4907-B35E-A73189B4D32C}.Debug|x64.Build.0 = Debug|Any CPU
		{0FCA6C98-AB31-4907-B35E-A73189B4D32C}.Debug|x86.ActiveCfg = Debug|Any CPU
		{0FCA6C98-AB31-4907-B35E-A73189B4D32C}.Debug|x86.Build.0 = Debug|Any CPU
		{0FCA6C98-AB31-4907-B35E-A73189B4D32C}.Release|Any CPU.ActiveCfg = Release|Any CPU
		{0FCA6C98-AB31-4907-B35E-A73189B4D32C}.Release|Any CPU.Build.0 = Release|Any CPU
		{0FCA6C98-AB31-4907-B35E-A73189B4D32C}.Release|x64.ActiveCfg = Release|Any CPU
		{0FCA6C98-AB31-4907-B35E-A73189B4D32C}.Release|x64.Build.0 = Release|Any CPU
		{0FCA6C98-AB31-4907-B35E-A73189B4D32C}.Release|x86.ActiveCfg = Release|Any CPU
		{0FCA6C98-AB31-4907-B35E-A73189B4D32C}.Release|x86.Build.0 = Release|Any CPU
		{2A6C92DD-9204-4520-AA61-392FB6C1B8B6}.Debug|Any CPU.ActiveCfg = Debug|Any CPU
		{2A6C92DD-9204-4520-AA61-392FB6C1B8B6}.Debug|Any CPU.Build.0 = Debug|Any CPU
		{2A6C92DD-9204-4520-AA61-392FB6C1B8B6}.Debug|x64.ActiveCfg = Debug|Any CPU
		{2A6C92DD-9204-4520-AA61-392FB6C1B8B6}.Debug|x64.Build.0 = Debug|Any CPU
		{2A6C92DD-9204-4520-AA61-392FB6C1B8B6}.Debug|x86.ActiveCfg = Debug|Any CPU
		{2A6C92DD-9204-4520-AA61-392FB6C1B8B6}.Debug|x86.Build.0 = Debug|Any CPU
		{2A6C92DD-9204-4520-AA61-392FB6C1B8B6}.Release|Any CPU.ActiveCfg = Release|Any CPU
		{2A6C92DD-9204-4520-AA61-392FB6C1B8B6}.Release|Any CPU.Build.0 = Release|Any CPU
		{2A6C92DD-9204-4520-AA61-392FB6C1B8B6}.Release|x64.ActiveCfg = Release|Any CPU
		{2A6C92DD-9204-4520-AA61-392FB6C1B8B6}.Release|x64.Build.0 = Release|Any CPU
		{2A6C92DD-9204-4520-AA61-392FB6C1B8B6}.Release|x86.ActiveCfg = Release|Any CPU
		{2A6C92DD-9204-4520-AA61-392FB6C1B8B6}.Release|x86.Build.0 = Release|Any CPU
		{75EBB3F4-1ECD-492E-974C-4834D39CD5A3}.Debug|Any CPU.ActiveCfg = Debug|Any CPU
		{75EBB3F4-1ECD-492E-974C-4834D39CD5A3}.Debug|Any CPU.Build.0 = Debug|Any CPU
		{75EBB3F4-1ECD-492E-974C-4834D39CD5A3}.Debug|x64.ActiveCfg = Debug|Any CPU
		{75EBB3F4-1ECD-492E-974C-4834D39CD5A3}.Debug|x64.Build.0 = Debug|Any CPU
		{75EBB3F4-1ECD-492E-974C-4834D39CD5A3}.Debug|x86.ActiveCfg = Debug|Any CPU
		{75EBB3F4-1ECD-492E-974C-4834D39CD5A3}.Debug|x86.Build.0 = Debug|Any CPU
		{75EBB3F4-1ECD-492E-974C-4834D39CD5A3}.Release|Any CPU.ActiveCfg = Release|Any CPU
		{75EBB3F4-1ECD-492E-974C-4834D39CD5A3}.Release|Any CPU.Build.0 = Release|Any CPU
		{75EBB3F4-1ECD-492E-974C-4834D39CD5A3}.Release|x64.ActiveCfg = Release|Any CPU
		{75EBB3F4-1ECD-492E-974C-4834D39CD5A3}.Release|x64.Build.0 = Release|Any CPU
		{75EBB3F4-1ECD-492E-974C-4834D39CD5A3}.Release|x86.ActiveCfg = Release|Any CPU
		{75EBB3F4-1ECD-492E-974C-4834D39CD5A3}.Release|x86.Build.0 = Release|Any CPU
	EndGlobalSection
	GlobalSection(SolutionProperties) = preSolution
		HideSolutionNode = FALSE
	EndGlobalSection
EndGlobal
