
Microsoft Visual Studio Solution File, Format Version 12.00
# Visual Studio Version 17
VisualStudioVersion = 17.0.31903.59
MinimumVisualStudioVersion = 10.0.40219.1
Project("{2150E333-8FDC-42A3-9474-1A3956D46DE8}") = "src", "src", "{827E0CD3-B72D-47B6-A68D-7590B98EB39B}"
EndProject
Project("{2150E333-8FDC-42A3-9474-1A3956D46DE8}") = "tests", "tests", "{0AB3BF05-4346-4AA6-1389-037BE0695223}"
EndProject
Project("{2150E333-8FDC-42A3-9474-1A3956D46DE8}") = "BuildingBlocks", "BuildingBlocks", "{90298CBA-BD6F-3A0A-69D5-97CAD7B05E7E}"
EndProject
Project("{2150E333-8FDC-42A3-9474-1A3956D46DE8}") = "Services", "Services", "{984BB9B3-3FA3-BE33-9484-CAC21695A33C}"
EndProject
Project("{2150E333-8FDC-42A3-9474-1A3956D46DE8}") = "WebApps", "WebApps", "{613E942C-7C9C-5766-673B-EDDCEA89CDF9}"
EndProject
Project("{FAE04EC0-301F-11D3-BF4B-00C04F79EFBC}") = "Examination.Shared", "src\BuildingBlocks\Examination.Shared\Examination.Shared.csproj", "{A67187FF-E7A8-435B-8193-93F4F825EA67}"
EndProject
Project("{2150E333-8FDC-42A3-9474-1A3956D46DE8}") = "Examination", "Examination", "{9ED0981B-6C7E-2B1A-D2DC-D65C7D44D104}"
EndProject
Project("{2150E333-8FDC-42A3-9474-1A3956D46DE8}") = "Identity", "Identity", "{1BFC9479-12BF-35C3-06B8-42D89D95092B}"
EndProject
Project("{FAE04EC0-301F-11D3-BF4B-00C04F79EFBC}") = "Examination.API", "src\Services\Examination\Examination.API\Examination.API.csproj", "{F3DE4F23-B777-4E95-BFA0-3408C2D7397C}"
EndProject
Project("{FAE04EC0-301F-11D3-BF4B-00C04F79EFBC}") = "Examination.Application", "src\Services\Examination\Examination.Application\Examination.Application.csproj", "{C9701A0B-F1C5-4330-93D4-A82B9F8AAFE7}"
EndProject
Project("{FAE04EC0-301F-11D3-BF4B-00C04F79EFBC}") = "Examination.Domain", "src\Services\Examination\Examination.Domain\Examination.Domain.csproj", "{A5D053FD-8431-4701-80A8-C0D024EBC6AD}"
EndProject
Project("{FAE04EC0-301F-11D3-BF4B-00C04F79EFBC}") = "Examination.Infrastructure.MongoDb", "src\Services\Examination\Examination.Infrastructure\Examination.Infrastructure.MongoDb.csproj", "{F12AF863-8C85-4C06-BE63-42BF467BA120}"
EndProject
Project("{FAE04EC0-301F-11D3-BF4B-00C04F79EFBC}") = "Identity.API", "src\Services\Identity\Identity.API\Identity.API.csproj", "{AC7608DD-B742-45A4-B2B5-4E1FE3101937}"
EndProject
Project("{FAE04EC0-301F-11D3-BF4B-00C04F79EFBC}") = "IdentityServer", "src\Services\Identity\IdentityServer\IdentityServer.csproj", "{F5A97E04-FB2A-4741-B186-31310392BF37}"
EndProject
Project("{2150E333-8FDC-42A3-9474-1A3956D46DE8}") = "Examination", "Examination", "{90F32BB4-8B5B-EF8A-4110-A6235ADA6BD6}"
EndProject
Project("{FAE04EC0-301F-11D3-BF4B-00C04F79EFBC}") = "Examination.API.IntegrationTests", "tests\Examination\Examination.API.IntegrationTest\Examination.API.IntegrationTests.csproj", "{790043D6-CDF7-4D6B-9ADA-FEA27DF6DBF5}"
EndProject
Project("{FAE04EC0-301F-11D3-BF4B-00C04F79EFBC}") = "Examination.Application.UnitTests", "tests\Examination\Examination.Application.UnitTests\Examination.Application.UnitTests.csproj", "{2EE07A65-6442-4F6F-AF79-AE0EE5A4FEFB}"
EndProject
Project("{FAE04EC0-301F-11D3-BF4B-00C04F79EFBC}") = "Examination.Domain.UnitTests", "tests\Examination\Examination.Domain.UnitTests\Examination.Domain.UnitTests.csproj", "{A0694908-E559-4B34-9279-5E1D9FFE75B2}"
EndProject
Project("{FAE04EC0-301F-11D3-BF4B-00C04F79EFBC}") = "Examination.Infrastructure.IntegrationTests", "tests\Examination\Examination.Infrastructure.IntegrationTests\Examination.Infrastructure.IntegrationTests.csproj", "{F496C8E7-3D7D-4D30-A66C-C575CBEF626C}"
EndProject
Project("{2150E333-8FDC-42A3-9474-1A3956D46DE8}") = "Identity", "Identity", "{391CE2F5-AE47-7A9A-F474-4847BE99435E}"
EndProject
Project("{FAE04EC0-301F-11D3-BF4B-00C04F79EFBC}") = "Identity.API.IntegrationTests", "tests\Identity\Identity.API.IntegrationTests\Identity.API.IntegrationTests.csproj", "{7329F943-6410-49F2-9752-165F48E99304}"
EndProject
Project("{FAE04EC0-301F-11D3-BF4B-00C04F79EFBC}") = "IdentityServer.IntegrationTests", "tests\Identity\IdentityServer.IntegrationTests\IdentityServer.IntegrationTests.csproj", "{30C68B91-9DF7-4DB2-A58A-6B8C9FA8BBDE}"
EndProject
Project("{FAE04EC0-301F-11D3-BF4B-00C04F79EFBC}") = "AdminApp", "src\WebApps\AdminApp\AdminApp.csproj", "{49AA2390-9A6A-4E7C-9C67-8BD52E4E79CC}"
EndProject
Project("{FAE04EC0-301F-11D3-BF4B-00C04F79EFBC}") = "PortalApp", "src\WebApps\PortalApp\PortalApp.csproj", "{DB033781-FB5B-4C0F-A4EB-7B873E0CE87B}"
EndProject
Global
	GlobalSection(SolutionConfigurationPlatforms) = preSolution
		Debug|Any CPU = Debug|Any CPU
		Debug|x64 = Debug|x64
		Debug|x86 = Debug|x86
		Release|Any CPU = Release|Any CPU
		Release|x64 = Release|x64
		Release|x86 = Release|x86
	EndGlobalSection
	GlobalSection(ProjectConfigurationPlatforms) = postSolution
		{A67187FF-E7A8-435B-8193-93F4F825EA67}.Debug|Any CPU.ActiveCfg = Debug|Any CPU
		{A67187FF-E7A8-435B-8193-93F4F825EA67}.Debug|Any CPU.Build.0 = Debug|Any CPU
		{A67187FF-E7A8-435B-8193-93F4F825EA67}.Debug|x64.ActiveCfg = Debug|Any CPU
		{A67187FF-E7A8-435B-8193-93F4F825EA67}.Debug|x64.Build.0 = Debug|Any CPU
		{A67187FF-E7A8-435B-8193-93F4F825EA67}.Debug|x86.ActiveCfg = Debug|Any CPU
		{A67187FF-E7A8-435B-8193-93F4F825EA67}.Debug|x86.Build.0 = Debug|Any CPU
		{A67187FF-E7A8-435B-8193-93F4F825EA67}.Release|Any CPU.ActiveCfg = Release|Any CPU
		{A67187FF-E7A8-435B-8193-93F4F825EA67}.Release|Any CPU.Build.0 = Release|Any CPU
		{A67187FF-E7A8-435B-8193-93F4F825EA67}.Release|x64.ActiveCfg = Release|Any CPU
		{A67187FF-E7A8-435B-8193-93F4F825EA67}.Release|x64.Build.0 = Release|Any CPU
		{A67187FF-E7A8-435B-8193-93F4F825EA67}.Release|x86.ActiveCfg = Release|Any CPU
		{A67187FF-E7A8-435B-8193-93F4F825EA67}.Release|x86.Build.0 = Release|Any CPU
		{F3DE4F23-B777-4E95-BFA0-3408C2D7397C}.Debug|Any CPU.ActiveCfg = Debug|Any CPU
		{F3DE4F23-B777-4E95-BFA0-3408C2D7397C}.Debug|Any CPU.Build.0 = Debug|Any CPU
		{F3DE4F23-B777-4E95-BFA0-3408C2D7397C}.Debug|x64.ActiveCfg = Debug|Any CPU
		{F3DE4F23-B777-4E95-BFA0-3408C2D7397C}.Debug|x64.Build.0 = Debug|Any CPU
		{F3DE4F23-B777-4E95-BFA0-3408C2D7397C}.Debug|x86.ActiveCfg = Debug|Any CPU
		{F3DE4F23-B777-4E95-BFA0-3408C2D7397C}.Debug|x86.Build.0 = Debug|Any CPU
		{F3DE4F23-B777-4E95-BFA0-3408C2D7397C}.Release|Any CPU.ActiveCfg = Release|Any CPU
		{F3DE4F23-B777-4E95-BFA0-3408C2D7397C}.Release|Any CPU.Build.0 = Release|Any CPU
		{F3DE4F23-B777-4E95-BFA0-3408C2D7397C}.Release|x64.ActiveCfg = Release|Any CPU
		{F3DE4F23-B777-4E95-BFA0-3408C2D7397C}.Release|x64.Build.0 = Release|Any CPU
		{F3DE4F23-B777-4E95-BFA0-3408C2D7397C}.Release|x86.ActiveCfg = Release|Any CPU
		{F3DE4F23-B777-4E95-BFA0-3408C2D7397C}.Release|x86.Build.0 = Release|Any CPU
		{C9701A0B-F1C5-4330-93D4-A82B9F8AAFE7}.Debug|Any CPU.ActiveCfg = Debug|Any CPU
		{C9701A0B-F1C5-4330-93D4-A82B9F8AAFE7}.Debug|Any CPU.Build.0 = Debug|Any CPU
		{C9701A0B-F1C5-4330-93D4-A82B9F8AAFE7}.Debug|x64.ActiveCfg = Debug|Any CPU
		{C9701A0B-F1C5-4330-93D4-A82B9F8AAFE7}.Debug|x64.Build.0 = Debug|Any CPU
		{C9701A0B-F1C5-4330-93D4-A82B9F8AAFE7}.Debug|x86.ActiveCfg = Debug|Any CPU
		{C9701A0B-F1C5-4330-93D4-A82B9F8AAFE7}.Debug|x86.Build.0 = Debug|Any CPU
		{C9701A0B-F1C5-4330-93D4-A82B9F8AAFE7}.Release|Any CPU.ActiveCfg = Release|Any CPU
		{C9701A0B-F1C5-4330-93D4-A82B9F8AAFE7}.Release|Any CPU.Build.0 = Release|Any CPU
		{C9701A0B-F1C5-4330-93D4-A82B9F8AAFE7}.Release|x64.ActiveCfg = Release|Any CPU
		{C9701A0B-F1C5-4330-93D4-A82B9F8AAFE7}.Release|x64.Build.0 = Release|Any CPU
		{C9701A0B-F1C5-4330-93D4-A82B9F8AAFE7}.Release|x86.ActiveCfg = Release|Any CPU
		{C9701A0B-F1C5-4330-93D4-A82B9F8AAFE7}.Release|x86.Build.0 = Release|Any CPU
		{A5D053FD-8431-4701-80A8-C0D024EBC6AD}.Debug|Any CPU.ActiveCfg = Debug|Any CPU
		{A5D053FD-8431-4701-80A8-C0D024EBC6AD}.Debug|Any CPU.Build.0 = Debug|Any CPU
		{A5D053FD-8431-4701-80A8-C0D024EBC6AD}.Debug|x64.ActiveCfg = Debug|Any CPU
		{A5D053FD-8431-4701-80A8-C0D024EBC6AD}.Debug|x64.Build.0 = Debug|Any CPU
		{A5D053FD-8431-4701-80A8-C0D024EBC6AD}.Debug|x86.ActiveCfg = Debug|Any CPU
		{A5D053FD-8431-4701-80A8-C0D024EBC6AD}.Debug|x86.Build.0 = Debug|Any CPU
		{A5D053FD-8431-4701-80A8-C0D024EBC6AD}.Release|Any CPU.ActiveCfg = Release|Any CPU
		{A5D053FD-8431-4701-80A8-C0D024EBC6AD}.Release|Any CPU.Build.0 = Release|Any CPU
		{A5D053FD-8431-4701-80A8-C0D024EBC6AD}.Release|x64.ActiveCfg = Release|Any CPU
		{A5D053FD-8431-4701-80A8-C0D024EBC6AD}.Release|x64.Build.0 = Release|Any CPU
		{A5D053FD-8431-4701-80A8-C0D024EBC6AD}.Release|x86.ActiveCfg = Release|Any CPU
		{A5D053FD-8431-4701-80A8-C0D024EBC6AD}.Release|x86.Build.0 = Release|Any CPU
		{F12AF863-8C85-4C06-BE63-42BF467BA120}.Debug|Any CPU.ActiveCfg = Debug|Any CPU
		{F12AF863-8C85-4C06-BE63-42BF467BA120}.Debug|Any CPU.Build.0 = Debug|Any CPU
		{F12AF863-8C85-4C06-BE63-42BF467BA120}.Debug|x64.ActiveCfg = Debug|Any CPU
		{F12AF863-8C85-4C06-BE63-42BF467BA120}.Debug|x64.Build.0 = Debug|Any CPU
		{F12AF863-8C85-4C06-BE63-42BF467BA120}.Debug|x86.ActiveCfg = Debug|Any CPU
		{F12AF863-8C85-4C06-BE63-42BF467BA120}.Debug|x86.Build.0 = Debug|Any CPU
		{F12AF863-8C85-4C06-BE63-42BF467BA120}.Release|Any CPU.ActiveCfg = Release|Any CPU
		{F12AF863-8C85-4C06-BE63-42BF467BA120}.Release|Any CPU.Build.0 = Release|Any CPU
		{F12AF863-8C85-4C06-BE63-42BF467BA120}.Release|x64.ActiveCfg = Release|Any CPU
		{F12AF863-8C85-4C06-BE63-42BF467BA120}.Release|x64.Build.0 = Release|Any CPU
		{F12AF863-8C85-4C06-BE63-42BF467BA120}.Release|x86.ActiveCfg = Release|Any CPU
		{F12AF863-8C85-4C06-BE63-42BF467BA120}.Release|x86.Build.0 = Release|Any CPU
		{AC7608DD-B742-45A4-B2B5-4E1FE3101937}.Debug|Any CPU.ActiveCfg = Debug|Any CPU
		{AC7608DD-B742-45A4-B2B5-4E1FE3101937}.Debug|Any CPU.Build.0 = Debug|Any CPU
		{AC7608DD-B742-45A4-B2B5-4E1FE3101937}.Debug|x64.ActiveCfg = Debug|Any CPU
		{AC7608DD-B742-45A4-B2B5-4E1FE3101937}.Debug|x64.Build.0 = Debug|Any CPU
		{AC7608DD-B742-45A4-B2B5-4E1FE3101937}.Debug|x86.ActiveCfg = Debug|Any CPU
		{AC7608DD-B742-45A4-B2B5-4E1FE3101937}.Debug|x86.Build.0 = Debug|Any CPU
		{AC7608DD-B742-45A4-B2B5-4E1FE3101937}.Release|Any CPU.ActiveCfg = Release|Any CPU
		{AC7608DD-B742-45A4-B2B5-4E1FE3101937}.Release|Any CPU.Build.0 = Release|Any CPU
		{AC7608DD-B742-45A4-B2B5-4E1FE3101937}.Release|x64.ActiveCfg = Release|Any CPU
		{AC7608DD-B742-45A4-B2B5-4E1FE3101937}.Release|x64.Build.0 = Release|Any CPU
		{AC7608DD-B742-45A4-B2B5-4E1FE3101937}.Release|x86.ActiveCfg = Release|Any CPU
		{AC7608DD-B742-45A4-B2B5-4E1FE3101937}.Release|x86.Build.0 = Release|Any CPU
		{F5A97E04-FB2A-4741-B186-31310392BF37}.Debug|Any CPU.ActiveCfg = Debug|Any CPU
		{F5A97E04-FB2A-4741-B186-31310392BF37}.Debug|Any CPU.Build.0 = Debug|Any CPU
		{F5A97E04-FB2A-4741-B186-31310392BF37}.Debug|x64.ActiveCfg = Debug|Any CPU
		{F5A97E04-FB2A-4741-B186-31310392BF37}.Debug|x64.Build.0 = Debug|Any CPU
		{F5A97E04-FB2A-4741-B186-31310392BF37}.Debug|x86.ActiveCfg = Debug|Any CPU
		{F5A97E04-FB2A-4741-B186-31310392BF37}.Debug|x86.Build.0 = Debug|Any CPU
		{F5A97E04-FB2A-4741-B186-31310392BF37}.Release|Any CPU.ActiveCfg = Release|Any CPU
		{F5A97E04-FB2A-4741-B186-31310392BF37}.Release|Any CPU.Build.0 = Release|Any CPU
		{F5A97E04-FB2A-4741-B186-31310392BF37}.Release|x64.ActiveCfg = Release|Any CPU
		{F5A97E04-FB2A-4741-B186-31310392BF37}.Release|x64.Build.0 = Release|Any CPU
		{F5A97E04-FB2A-4741-B186-31310392BF37}.Release|x86.ActiveCfg = Release|Any CPU
		{F5A97E04-FB2A-4741-B186-31310392BF37}.Release|x86.Build.0 = Release|Any CPU
		{790043D6-CDF7-4D6B-9ADA-FEA27DF6DBF5}.Debug|Any CPU.ActiveCfg = Debug|Any CPU
		{790043D6-CDF7-4D6B-9ADA-FEA27DF6DBF5}.Debug|Any CPU.Build.0 = Debug|Any CPU
		{790043D6-CDF7-4D6B-9ADA-FEA27DF6DBF5}.Debug|x64.ActiveCfg = Debug|Any CPU
		{790043D6-CDF7-4D6B-9ADA-FEA27DF6DBF5}.Debug|x64.Build.0 = Debug|Any CPU
		{790043D6-CDF7-4D6B-9ADA-FEA27DF6DBF5}.Debug|x86.ActiveCfg = Debug|Any CPU
		{790043D6-CDF7-4D6B-9ADA-FEA27DF6DBF5}.Debug|x86.Build.0 = Debug|Any CPU
		{790043D6-CDF7-4D6B-9ADA-FEA27DF6DBF5}.Release|Any CPU.ActiveCfg = Release|Any CPU
		{790043D6-CDF7-4D6B-9ADA-FEA27DF6DBF5}.Release|Any CPU.Build.0 = Release|Any CPU
		{790043D6-CDF7-4D6B-9ADA-FEA27DF6DBF5}.Release|x64.ActiveCfg = Release|Any CPU
		{790043D6-CDF7-4D6B-9ADA-FEA27DF6DBF5}.Release|x64.Build.0 = Release|Any CPU
		{790043D6-CDF7-4D6B-9ADA-FEA27DF6DBF5}.Release|x86.ActiveCfg = Release|Any CPU
		{790043D6-CDF7-4D6B-9ADA-FEA27DF6DBF5}.Release|x86.Build.0 = Release|Any CPU
		{2EE07A65-6442-4F6F-AF79-AE0EE5A4FEFB}.Debug|Any CPU.ActiveCfg = Debug|Any CPU
		{2EE07A65-6442-4F6F-AF79-AE0EE5A4FEFB}.Debug|Any CPU.Build.0 = Debug|Any CPU
		{2EE07A65-6442-4F6F-AF79-AE0EE5A4FEFB}.Debug|x64.ActiveCfg = Debug|Any CPU
		{2EE07A65-6442-4F6F-AF79-AE0EE5A4FEFB}.Debug|x64.Build.0 = Debug|Any CPU
		{2EE07A65-6442-4F6F-AF79-AE0EE5A4FEFB}.Debug|x86.ActiveCfg = Debug|Any CPU
		{2EE07A65-6442-4F6F-AF79-AE0EE5A4FEFB}.Debug|x86.Build.0 = Debug|Any CPU
		{2EE07A65-6442-4F6F-AF79-AE0EE5A4FEFB}.Release|Any CPU.ActiveCfg = Release|Any CPU
		{2EE07A65-6442-4F6F-AF79-AE0EE5A4FEFB}.Release|Any CPU.Build.0 = Release|Any CPU
		{2EE07A65-6442-4F6F-AF79-AE0EE5A4FEFB}.Release|x64.ActiveCfg = Release|Any CPU
		{2EE07A65-6442-4F6F-AF79-AE0EE5A4FEFB}.Release|x64.Build.0 = Release|Any CPU
		{2EE07A65-6442-4F6F-AF79-AE0EE5A4FEFB}.Release|x86.ActiveCfg = Release|Any CPU
		{2EE07A65-6442-4F6F-AF79-AE0EE5A4FEFB}.Release|x86.Build.0 = Release|Any CPU
		{A0694908-E559-4B34-9279-5E1D9FFE75B2}.Debug|Any CPU.ActiveCfg = Debug|Any CPU
		{A0694908-E559-4B34-9279-5E1D9FFE75B2}.Debug|Any CPU.Build.0 = Debug|Any CPU
		{A0694908-E559-4B34-9279-5E1D9FFE75B2}.Debug|x64.ActiveCfg = Debug|Any CPU
		{A0694908-E559-4B34-9279-5E1D9FFE75B2}.Debug|x64.Build.0 = Debug|Any CPU
		{A0694908-E559-4B34-9279-5E1D9FFE75B2}.Debug|x86.ActiveCfg = Debug|Any CPU
		{A0694908-E559-4B34-9279-5E1D9FFE75B2}.Debug|x86.Build.0 = Debug|Any CPU
		{A0694908-E559-4B34-9279-5E1D9FFE75B2}.Release|Any CPU.ActiveCfg = Release|Any CPU
		{A0694908-E559-4B34-9279-5E1D9FFE75B2}.Release|Any CPU.Build.0 = Release|Any CPU
		{A0694908-E559-4B34-9279-5E1D9FFE75B2}.Release|x64.ActiveCfg = Release|Any CPU
		{A0694908-E559-4B34-9279-5E1D9FFE75B2}.Release|x64.Build.0 = Release|Any CPU
		{A0694908-E559-4B34-9279-5E1D9FFE75B2}.Release|x86.ActiveCfg = Release|Any CPU
		{A0694908-E559-4B34-9279-5E1D9FFE75B2}.Release|x86.Build.0 = Release|Any CPU
		{F496C8E7-3D7D-4D30-A66C-C575CBEF626C}.Debug|Any CPU.ActiveCfg = Debug|Any CPU
		{F496C8E7-3D7D-4D30-A66C-C575CBEF626C}.Debug|Any CPU.Build.0 = Debug|Any CPU
		{F496C8E7-3D7D-4D30-A66C-C575CBEF626C}.Debug|x64.ActiveCfg = Debug|Any CPU
		{F496C8E7-3D7D-4D30-A66C-C575CBEF626C}.Debug|x64.Build.0 = Debug|Any CPU
		{F496C8E7-3D7D-4D30-A66C-C575CBEF626C}.Debug|x86.ActiveCfg = Debug|Any CPU
		{F496C8E7-3D7D-4D30-A66C-C575CBEF626C}.Debug|x86.Build.0 = Debug|Any CPU
		{F496C8E7-3D7D-4D30-A66C-C575CBEF626C}.Release|Any CPU.ActiveCfg = Release|Any CPU
		{F496C8E7-3D7D-4D30-A66C-C575CBEF626C}.Release|Any CPU.Build.0 = Release|Any CPU
		{F496C8E7-3D7D-4D30-A66C-C575CBEF626C}.Release|x64.ActiveCfg = Release|Any CPU
		{F496C8E7-3D7D-4D30-A66C-C575CBEF626C}.Release|x64.Build.0 = Release|Any CPU
		{F496C8E7-3D7D-4D30-A66C-C575CBEF626C}.Release|x86.ActiveCfg = Release|Any CPU
		{F496C8E7-3D7D-4D30-A66C-C575CBEF626C}.Release|x86.Build.0 = Release|Any CPU
		{7329F943-6410-49F2-9752-165F48E99304}.Debug|Any CPU.ActiveCfg = Debug|Any CPU
		{7329F943-6410-49F2-9752-165F48E99304}.Debug|Any CPU.Build.0 = Debug|Any CPU
		{7329F943-6410-49F2-9752-165F48E99304}.Debug|x64.ActiveCfg = Debug|Any CPU
		{7329F943-6410-49F2-9752-165F48E99304}.Debug|x64.Build.0 = Debug|Any CPU
		{7329F943-6410-49F2-9752-165F48E99304}.Debug|x86.ActiveCfg = Debug|Any CPU
		{7329F943-6410-49F2-9752-165F48E99304}.Debug|x86.Build.0 = Debug|Any CPU
		{7329F943-6410-49F2-9752-165F48E99304}.Release|Any CPU.ActiveCfg = Release|Any CPU
		{7329F943-6410-49F2-9752-165F48E99304}.Release|Any CPU.Build.0 = Release|Any CPU
		{7329F943-6410-49F2-9752-165F48E99304}.Release|x64.ActiveCfg = Release|Any CPU
		{7329F943-6410-49F2-9752-165F48E99304}.Release|x64.Build.0 = Release|Any CPU
		{7329F943-6410-49F2-9752-165F48E99304}.Release|x86.ActiveCfg = Release|Any CPU
		{7329F943-6410-49F2-9752-165F48E99304}.Release|x86.Build.0 = Release|Any CPU
		{30C68B91-9DF7-4DB2-A58A-6B8C9FA8BBDE}.Debug|Any CPU.ActiveCfg = Debug|Any CPU
		{30C68B91-9DF7-4DB2-A58A-6B8C9FA8BBDE}.Debug|Any CPU.Build.0 = Debug|Any CPU
		{30C68B91-9DF7-4DB2-A58A-6B8C9FA8BBDE}.Debug|x64.ActiveCfg = Debug|Any CPU
		{30C68B91-9DF7-4DB2-A58A-6B8C9FA8BBDE}.Debug|x64.Build.0 = Debug|Any CPU
		{30C68B91-9DF7-4DB2-A58A-6B8C9FA8BBDE}.Debug|x86.ActiveCfg = Debug|Any CPU
		{30C68B91-9DF7-4DB2-A58A-6B8C9FA8BBDE}.Debug|x86.Build.0 = Debug|Any CPU
		{30C68B91-9DF7-4DB2-A58A-6B8C9FA8BBDE}.Release|Any CPU.ActiveCfg = Release|Any CPU
		{30C68B91-9DF7-4DB2-A58A-6B8C9FA8BBDE}.Release|Any CPU.Build.0 = Release|Any CPU
		{30C68B91-9DF7-4DB2-A58A-6B8C9FA8BBDE}.Release|x64.ActiveCfg = Release|Any CPU
		{30C68B91-9DF7-4DB2-A58A-6B8C9FA8BBDE}.Release|x64.Build.0 = Release|Any CPU
		{30C68B91-9DF7-4DB2-A58A-6B8C9FA8BBDE}.Release|x86.ActiveCfg = Release|Any CPU
		{30C68B91-9DF7-4DB2-A58A-6B8C9FA8BBDE}.Release|x86.Build.0 = Release|Any CPU
		{49AA2390-9A6A-4E7C-9C67-8BD52E4E79CC}.Debug|Any CPU.ActiveCfg = Debug|Any CPU
		{49AA2390-9A6A-4E7C-9C67-8BD52E4E79CC}.Debug|Any CPU.Build.0 = Debug|Any CPU
		{49AA2390-9A6A-4E7C-9C67-8BD52E4E79CC}.Debug|x64.ActiveCfg = Debug|Any CPU
		{49AA2390-9A6A-4E7C-9C67-8BD52E4E79CC}.Debug|x64.Build.0 = Debug|Any CPU
		{49AA2390-9A6A-4E7C-9C67-8BD52E4E79CC}.Debug|x86.ActiveCfg = Debug|Any CPU
		{49AA2390-9A6A-4E7C-9C67-8BD52E4E79CC}.Debug|x86.Build.0 = Debug|Any CPU
		{49AA2390-9A6A-4E7C-9C67-8BD52E4E79CC}.Release|Any CPU.ActiveCfg = Release|Any CPU
		{49AA2390-9A6A-4E7C-9C67-8BD52E4E79CC}.Release|Any CPU.Build.0 = Release|Any CPU
		{49AA2390-9A6A-4E7C-9C67-8BD52E4E79CC}.Release|x64.ActiveCfg = Release|Any CPU
		{49AA2390-9A6A-4E7C-9C67-8BD52E4E79CC}.Release|x64.Build.0 = Release|Any CPU
		{49AA2390-9A6A-4E7C-9C67-8BD52E4E79CC}.Release|x86.ActiveCfg = Release|Any CPU
		{49AA2390-9A6A-4E7C-9C67-8BD52E4E79CC}.Release|x86.Build.0 = Release|Any CPU
		{DB033781-FB5B-4C0F-A4EB-7B873E0CE87B}.Debug|Any CPU.ActiveCfg = Debug|Any CPU
		{DB033781-FB5B-4C0F-A4EB-7B873E0CE87B}.Debug|Any CPU.Build.0 = Debug|Any CPU
		{DB033781-FB5B-4C0F-A4EB-7B873E0CE87B}.Debug|x64.ActiveCfg = Debug|Any CPU
		{DB033781-FB5B-4C0F-A4EB-7B873E0CE87B}.Debug|x64.Build.0 = Debug|Any CPU
		{DB033781-FB5B-4C0F-A4EB-7B873E0CE87B}.Debug|x86.ActiveCfg = Debug|Any CPU
		{DB033781-FB5B-4C0F-A4EB-7B873E0CE87B}.Debug|x86.Build.0 = Debug|Any CPU
		{DB033781-FB5B-4C0F-A4EB-7B873E0CE87B}.Release|Any CPU.ActiveCfg = Release|Any CPU
		{DB033781-FB5B-4C0F-A4EB-7B873E0CE87B}.Release|Any CPU.Build.0 = Release|Any CPU
		{DB033781-FB5B-4C0F-A4EB-7B873E0CE87B}.Release|x64.ActiveCfg = Release|Any CPU
		{DB033781-FB5B-4C0F-A4EB-7B873E0CE87B}.Release|x64.Build.0 = Release|Any CPU
		{DB033781-FB5B-4C0F-A4EB-7B873E0CE87B}.Release|x86.ActiveCfg = Release|Any CPU
		{DB033781-FB5B-4C0F-A4EB-7B873E0CE87B}.Release|x86.Build.0 = Release|Any CPU
	EndGlobalSection
	GlobalSection(SolutionProperties) = preSolution
		HideSolutionNode = FALSE
	EndGlobalSection
	GlobalSection(NestedProjects) = preSolution
		{90298CBA-BD6F-3A0A-69D5-97CAD7B05E7E} = {827E0CD3-B72D-47B6-A68D-7590B98EB39B}
		{984BB9B3-3FA3-BE33-9484-CAC21695A33C} = {827E0CD3-B72D-47B6-A68D-7590B98EB39B}
		{613E942C-7C9C-5766-673B-EDDCEA89CDF9} = {827E0CD3-B72D-47B6-A68D-7590B98EB39B}
		{A67187FF-E7A8-435B-8193-93F4F825EA67} = {90298CBA-BD6F-3A0A-69D5-97CAD7B05E7E}
		{9ED0981B-6C7E-2B1A-D2DC-D65C7D44D104} = {984BB9B3-3FA3-BE33-9484-CAC21695A33C}
		{1BFC9479-12BF-35C3-06B8-42D89D95092B} = {984BB9B3-3FA3-BE33-9484-CAC21695A33C}
		{F3DE4F23-B777-4E95-BFA0-3408C2D7397C} = {9ED0981B-6C7E-2B1A-D2DC-D65C7D44D104}
		{C9701A0B-F1C5-4330-93D4-A82B9F8AAFE7} = {9ED0981B-6C7E-2B1A-D2DC-D65C7D44D104}
		{A5D053FD-8431-4701-80A8-C0D024EBC6AD} = {9ED0981B-6C7E-2B1A-D2DC-D65C7D44D104}
		{F12AF863-8C85-4C06-BE63-42BF467BA120} = {9ED0981B-6C7E-2B1A-D2DC-D65C7D44D104}
		{AC7608DD-B742-45A4-B2B5-4E1FE3101937} = {1BFC9479-12BF-35C3-06B8-42D89D95092B}
		{F5A97E04-FB2A-4741-B186-31310392BF37} = {1BFC9479-12BF-35C3-06B8-42D89D95092B}
		{90F32BB4-8B5B-EF8A-4110-A6235ADA6BD6} = {0AB3BF05-4346-4AA6-1389-037BE0695223}
		{790043D6-CDF7-4D6B-9ADA-FEA27DF6DBF5} = {90F32BB4-8B5B-EF8A-4110-A6235ADA6BD6}
		{2EE07A65-6442-4F6F-AF79-AE0EE5A4FEFB} = {90F32BB4-8B5B-EF8A-4110-A6235ADA6BD6}
		{A0694908-E559-4B34-9279-5E1D9FFE75B2} = {90F32BB4-8B5B-EF8A-4110-A6235ADA6BD6}
		{F496C8E7-3D7D-4D30-A66C-C575CBEF626C} = {90F32BB4-8B5B-EF8A-4110-A6235ADA6BD6}
		{391CE2F5-AE47-7A9A-F474-4847BE99435E} = {0AB3BF05-4346-4AA6-1389-037BE0695223}
		{7329F943-6410-49F2-9752-165F48E99304} = {391CE2F5-AE47-7A9A-F474-4847BE99435E}
		{30C68B91-9DF7-4DB2-A58A-6B8C9FA8BBDE} = {391CE2F5-AE47-7A9A-F474-4847BE99435E}
		{49AA2390-9A6A-4E7C-9C67-8BD52E4E79CC} = {613E942C-7C9C-5766-673B-EDDCEA89CDF9}
		{DB033781-FB5B-4C0F-A4EB-7B873E0CE87B} = {613E942C-7C9C-5766-673B-EDDCEA89CDF9}
	EndGlobalSection
EndGlobal
